// !$*UTF8*$!
{
	archiveVersion = 1;
	classes = {
	};
	objectVersion = 46;
	objects = {

/* Begin PBXBuildFile section */
		3700A12214C3B27E00A23C3F /* GeoSearchView.m in Sources */ = {isa = PBXBuildFile; fileRef = 3700A12014C3B27E00A23C3F /* GeoSearchView.m */; };
		3700A12314C3B27E00A23C3F /* GeoSearchView.xib in Resources */ = {isa = PBXBuildFile; fileRef = 3700A12114C3B27E00A23C3F /* GeoSearchView.xib */; };
		373F138214BFDF450094C752 /* LocationSearchView.m in Sources */ = {isa = PBXBuildFile; fileRef = 373F138014BFDF450094C752 /* LocationSearchView.m */; };
		373F138314BFDF450094C752 /* LocationSearchView.xib in Resources */ = {isa = PBXBuildFile; fileRef = 373F138114BFDF450094C752 /* LocationSearchView.xib */; };
		376B544E14B5654800AC5C5F /* ProxomoObjectView.m in Sources */ = {isa = PBXBuildFile; fileRef = 376B544D14B5654800AC5C5F /* ProxomoObjectView.m */; };
		3771394C14B69C2D008C92E3 /* ProxomoListView.m in Sources */ = {isa = PBXBuildFile; fileRef = 3771394B14B69C2D008C92E3 /* ProxomoListView.m */; };
		37806FDE14BBE96700CF864E /* ProxomoBG.png in Resources */ = {isa = PBXBuildFile; fileRef = 37806FDD14BBE96700CF864E /* ProxomoBG.png */; };
		37806FE114BBEBCA00CF864E /* icon.jpg in Resources */ = {isa = PBXBuildFile; fileRef = 37806FE014BBEBCA00CF864E /* icon.jpg */; };
		37806FE314BBECF200CF864E /* icon.png in Resources */ = {isa = PBXBuildFile; fileRef = 37806FE214BBECF200CF864E /* icon.png */; };
		37806FE514BBF27800CF864E /* LoginView.xib in Resources */ = {isa = PBXBuildFile; fileRef = 37806FE414BBF27800CF864E /* LoginView.xib */; };
		379767D914BA28790016F934 /* FeatureTableView.m in Sources */ = {isa = PBXBuildFile; fileRef = 379767D814BA28790016F934 /* FeatureTableView.m */; };
		37F0DBCF149FEB1100E7A46D /* libProxomoAPI.a in Frameworks */ = {isa = PBXBuildFile; fileRef = 37F0DBCE149FEB1100E7A46D /* libProxomoAPI.a */; };
		37FE16E5149FB177009E45D1 /* UIKit.framework in Frameworks */ = {isa = PBXBuildFile; fileRef = 37FE16E4149FB177009E45D1 /* UIKit.framework */; };
		37FE16E7149FB177009E45D1 /* Foundation.framework in Frameworks */ = {isa = PBXBuildFile; fileRef = 37FE16E6149FB177009E45D1 /* Foundation.framework */; };
		37FE16E9149FB177009E45D1 /* CoreGraphics.framework in Frameworks */ = {isa = PBXBuildFile; fileRef = 37FE16E8149FB177009E45D1 /* CoreGraphics.framework */; };
		37FE16EF149FB177009E45D1 /* InfoPlist.strings in Resources */ = {isa = PBXBuildFile; fileRef = 37FE16ED149FB177009E45D1 /* InfoPlist.strings */; };
		37FE16F1149FB177009E45D1 /* main.m in Sources */ = {isa = PBXBuildFile; fileRef = 37FE16F0149FB177009E45D1 /* main.m */; };
		37FE16F5149FB177009E45D1 /* AppDelegate.m in Sources */ = {isa = PBXBuildFile; fileRef = 37FE16F4149FB177009E45D1 /* AppDelegate.m */; };
		37FE16F8149FB178009E45D1 /* MainStoryboard_iPhone.storyboard in Resources */ = {isa = PBXBuildFile; fileRef = 37FE16F6149FB177009E45D1 /* MainStoryboard_iPhone.storyboard */; };
		37FE16FB149FB178009E45D1 /* MainStoryboard_iPad.storyboard in Resources */ = {isa = PBXBuildFile; fileRef = 37FE16F9149FB178009E45D1 /* MainStoryboard_iPad.storyboard */; };
		37FE16FE149FB178009E45D1 /* PersonLoginView.m in Sources */ = {isa = PBXBuildFile; fileRef = 37FE16FD149FB178009E45D1 /* PersonLoginView.m */; };
/* End PBXBuildFile section */

/* Begin PBXFileReference section */
		3700A11F14C3B27E00A23C3F /* GeoSearchView.h */ = {isa = PBXFileReference; fileEncoding = 4; lastKnownFileType = sourcecode.c.h; lineEnding = 0; path = GeoSearchView.h; sourceTree = "<group>"; xcLanguageSpecificationIdentifier = xcode.lang.objcpp; };
		3700A12014C3B27E00A23C3F /* GeoSearchView.m */ = {isa = PBXFileReference; fileEncoding = 4; lastKnownFileType = sourcecode.c.objc; lineEnding = 0; path = GeoSearchView.m; sourceTree = "<group>"; xcLanguageSpecificationIdentifier = xcode.lang.objc; };
		3700A12114C3B27E00A23C3F /* GeoSearchView.xib */ = {isa = PBXFileReference; fileEncoding = 4; lastKnownFileType = file.xib; path = GeoSearchView.xib; sourceTree = "<group>"; };
		373F137F14BFDF450094C752 /* LocationSearchView.h */ = {isa = PBXFileReference; fileEncoding = 4; lastKnownFileType = sourcecode.c.h; lineEnding = 0; path = LocationSearchView.h; sourceTree = "<group>"; xcLanguageSpecificationIdentifier = xcode.lang.objcpp; };
		373F138014BFDF450094C752 /* LocationSearchView.m */ = {isa = PBXFileReference; fileEncoding = 4; lastKnownFileType = sourcecode.c.objc; lineEnding = 0; path = LocationSearchView.m; sourceTree = "<group>"; xcLanguageSpecificationIdentifier = xcode.lang.objc; };
		373F138114BFDF450094C752 /* LocationSearchView.xib */ = {isa = PBXFileReference; fileEncoding = 4; lastKnownFileType = file.xib; path = LocationSearchView.xib; sourceTree = "<group>"; };
		376B544C14B5654800AC5C5F /* ProxomoObjectView.h */ = {isa = PBXFileReference; fileEncoding = 4; lastKnownFileType = sourcecode.c.h; lineEnding = 0; path = ProxomoObjectView.h; sourceTree = "<group>"; xcLanguageSpecificationIdentifier = xcode.lang.objcpp; };
		376B544D14B5654800AC5C5F /* ProxomoObjectView.m */ = {isa = PBXFileReference; fileEncoding = 4; lastKnownFileType = sourcecode.c.objc; path = ProxomoObjectView.m; sourceTree = "<group>"; };
		3771394A14B69C2D008C92E3 /* ProxomoListView.h */ = {isa = PBXFileReference; fileEncoding = 4; lastKnownFileType = sourcecode.c.h; lineEnding = 0; path = ProxomoListView.h; sourceTree = "<group>"; xcLanguageSpecificationIdentifier = xcode.lang.objcpp; };
		3771394B14B69C2D008C92E3 /* ProxomoListView.m */ = {isa = PBXFileReference; fileEncoding = 4; lastKnownFileType = sourcecode.c.objc; lineEnding = 0; path = ProxomoListView.m; sourceTree = "<group>"; xcLanguageSpecificationIdentifier = xcode.lang.objc; };
		37806FDD14BBE96700CF864E /* ProxomoBG.png */ = {isa = PBXFileReference; lastKnownFileType = image.png; path = ProxomoBG.png; sourceTree = "<group>"; };
		37806FE014BBEBCA00CF864E /* icon.jpg */ = {isa = PBXFileReference; lastKnownFileType = image.jpeg; path = icon.jpg; sourceTree = "<group>"; };
		37806FE214BBECF200CF864E /* icon.png */ = {isa = PBXFileReference; lastKnownFileType = image.png; path = icon.png; sourceTree = "<group>"; };
		37806FE414BBF27800CF864E /* LoginView.xib */ = {isa = PBXFileReference; fileEncoding = 4; lastKnownFileType = file.xib; path = LoginView.xib; sourceTree = "<group>"; };
		379767D714BA28790016F934 /* FeatureTableView.h */ = {isa = PBXFileReference; fileEncoding = 4; lastKnownFileType = sourcecode.c.h; lineEnding = 0; path = FeatureTableView.h; sourceTree = "<group>"; xcLanguageSpecificationIdentifier = xcode.lang.objcpp; };
		379767D814BA28790016F934 /* FeatureTableView.m */ = {isa = PBXFileReference; fileEncoding = 4; lastKnownFileType = sourcecode.c.objc; lineEnding = 0; path = FeatureTableView.m; sourceTree = "<group>"; xcLanguageSpecificationIdentifier = xcode.lang.objc; };
		37F0DBCE149FEB1100E7A46D /* libProxomoAPI.a */ = {isa = PBXFileReference; lastKnownFileType = archive.ar; name = libProxomoAPI.a; path = "../ProxomoAPI/build/Release-iphoneos/libProxomoAPI.a"; sourceTree = "<group>"; };
		37FE16E0149FB177009E45D1 /* ProxomoDemo.app */ = {isa = PBXFileReference; explicitFileType = wrapper.application; includeInIndex = 0; path = ProxomoDemo.app; sourceTree = BUILT_PRODUCTS_DIR; };
		37FE16E4149FB177009E45D1 /* UIKit.framework */ = {isa = PBXFileReference; lastKnownFileType = wrapper.framework; name = UIKit.framework; path = System/Library/Frameworks/UIKit.framework; sourceTree = SDKROOT; };
		37FE16E6149FB177009E45D1 /* Foundation.framework */ = {isa = PBXFileReference; lastKnownFileType = wrapper.framework; name = Foundation.framework; path = System/Library/Frameworks/Foundation.framework; sourceTree = SDKROOT; };
		37FE16E8149FB177009E45D1 /* CoreGraphics.framework */ = {isa = PBXFileReference; lastKnownFileType = wrapper.framework; name = CoreGraphics.framework; path = System/Library/Frameworks/CoreGraphics.framework; sourceTree = SDKROOT; };
		37FE16EC149FB177009E45D1 /* ProxomoSample-Info.plist */ = {isa = PBXFileReference; lastKnownFileType = text.plist.xml; path = "ProxomoSample-Info.plist"; sourceTree = "<group>"; };
		37FE16EE149FB177009E45D1 /* en */ = {isa = PBXFileReference; lastKnownFileType = text.plist.strings; name = en; path = en.lproj/InfoPlist.strings; sourceTree = "<group>"; };
		37FE16F0149FB177009E45D1 /* main.m */ = {isa = PBXFileReference; lastKnownFileType = sourcecode.c.objc; lineEnding = 0; path = main.m; sourceTree = "<group>"; xcLanguageSpecificationIdentifier = xcode.lang.objc; };
		37FE16F2149FB177009E45D1 /* ProxomoSample-Prefix.pch */ = {isa = PBXFileReference; lastKnownFileType = sourcecode.c.h; path = "ProxomoSample-Prefix.pch"; sourceTree = "<group>"; };
		37FE16F3149FB177009E45D1 /* AppDelegate.h */ = {isa = PBXFileReference; lastKnownFileType = sourcecode.c.h; lineEnding = 0; path = AppDelegate.h; sourceTree = "<group>"; xcLanguageSpecificationIdentifier = xcode.lang.objcpp; };
		37FE16F4149FB177009E45D1 /* AppDelegate.m */ = {isa = PBXFileReference; lastKnownFileType = sourcecode.c.objc; lineEnding = 0; path = AppDelegate.m; sourceTree = "<group>"; xcLanguageSpecificationIdentifier = xcode.lang.objc; };
		37FE16F7149FB178009E45D1 /* en */ = {isa = PBXFileReference; lastKnownFileType = file.storyboard; name = en; path = en.lproj/MainStoryboard_iPhone.storyboard; sourceTree = "<group>"; };
		37FE16FA149FB178009E45D1 /* en */ = {isa = PBXFileReference; lastKnownFileType = file.storyboard; name = en; path = en.lproj/MainStoryboard_iPad.storyboard; sourceTree = "<group>"; };
		37FE16FC149FB178009E45D1 /* PersonLoginView.h */ = {isa = PBXFileReference; lastKnownFileType = sourcecode.c.h; lineEnding = 0; path = PersonLoginView.h; sourceTree = "<group>"; xcLanguageSpecificationIdentifier = xcode.lang.objcpp; };
		37FE16FD149FB178009E45D1 /* PersonLoginView.m */ = {isa = PBXFileReference; lastKnownFileType = sourcecode.c.objc; lineEnding = 0; path = PersonLoginView.m; sourceTree = "<group>"; xcLanguageSpecificationIdentifier = xcode.lang.objc; };
/* End PBXFileReference section */

/* Begin PBXFrameworksBuildPhase section */
		37FE16DD149FB177009E45D1 /* Frameworks */ = {
			isa = PBXFrameworksBuildPhase;
			buildActionMask = 2147483647;
			files = (
				37F0DBCF149FEB1100E7A46D /* libProxomoAPI.a in Frameworks */,
				37FE16E5149FB177009E45D1 /* UIKit.framework in Frameworks */,
				37FE16E7149FB177009E45D1 /* Foundation.framework in Frameworks */,
				37FE16E9149FB177009E45D1 /* CoreGraphics.framework in Frameworks */,
			);
			runOnlyForDeploymentPostprocessing = 0;
		};
/* End PBXFrameworksBuildPhase section */

/* Begin PBXGroup section */
		37FE16D5149FB177009E45D1 = {
			isa = PBXGroup;
			children = (
				37F0DBCE149FEB1100E7A46D /* libProxomoAPI.a */,
				37FE16EA149FB177009E45D1 /* ProxomoSample */,
				37FE16E3149FB177009E45D1 /* Frameworks */,
				37FE16E1149FB177009E45D1 /* Products */,
			);
			sourceTree = "<group>";
		};
		37FE16E1149FB177009E45D1 /* Products */ = {
			isa = PBXGroup;
			children = (
				37FE16E0149FB177009E45D1 /* ProxomoDemo.app */,
			);
			name = Products;
			sourceTree = "<group>";
		};
		37FE16E3149FB177009E45D1 /* Frameworks */ = {
			isa = PBXGroup;
			children = (
				37FE16E4149FB177009E45D1 /* UIKit.framework */,
				37FE16E6149FB177009E45D1 /* Foundation.framework */,
				37FE16E8149FB177009E45D1 /* CoreGraphics.framework */,
			);
			name = Frameworks;
			sourceTree = "<group>";
		};
		37FE16EA149FB177009E45D1 /* ProxomoSample */ = {
			isa = PBXGroup;
			children = (
				37FE16F3149FB177009E45D1 /* AppDelegate.h */,
				37FE16F4149FB177009E45D1 /* AppDelegate.m */,
				379767D714BA28790016F934 /* FeatureTableView.h */,
				379767D814BA28790016F934 /* FeatureTableView.m */,
				37FE16F6149FB177009E45D1 /* MainStoryboard_iPhone.storyboard */,
				37FE16F9149FB178009E45D1 /* MainStoryboard_iPad.storyboard */,
				37FE16EB149FB177009E45D1 /* Supporting Files */,
				37FE16FC149FB178009E45D1 /* PersonLoginView.h */,
				37FE16FD149FB178009E45D1 /* PersonLoginView.m */,
				376B544C14B5654800AC5C5F /* ProxomoObjectView.h */,
				376B544D14B5654800AC5C5F /* ProxomoObjectView.m */,
				3771394A14B69C2D008C92E3 /* ProxomoListView.h */,
				3771394B14B69C2D008C92E3 /* ProxomoListView.m */,
				373F137F14BFDF450094C752 /* LocationSearchView.h */,
				373F138014BFDF450094C752 /* LocationSearchView.m */,
				373F138114BFDF450094C752 /* LocationSearchView.xib */,
				3700A11F14C3B27E00A23C3F /* GeoSearchView.h */,
				3700A12014C3B27E00A23C3F /* GeoSearchView.m */,
				3700A12114C3B27E00A23C3F /* GeoSearchView.xib */,
			);
			path = ProxomoSample;
			sourceTree = "<group>";
		};
		37FE16EB149FB177009E45D1 /* Supporting Files */ = {
			isa = PBXGroup;
			children = (
				37806FE214BBECF200CF864E /* icon.png */,
				37806FE014BBEBCA00CF864E /* icon.jpg */,
				37806FDD14BBE96700CF864E /* ProxomoBG.png */,
				37FE16EC149FB177009E45D1 /* ProxomoSample-Info.plist */,
				37FE16ED149FB177009E45D1 /* InfoPlist.strings */,
				37FE16F0149FB177009E45D1 /* main.m */,
				37FE16F2149FB177009E45D1 /* ProxomoSample-Prefix.pch */,
				37806FE414BBF27800CF864E /* LoginView.xib */,
			);
			name = "Supporting Files";
			sourceTree = "<group>";
		};
/* End PBXGroup section */

/* Begin PBXNativeTarget section */
		37FE16DF149FB177009E45D1 /* ProxomoSample */ = {
			isa = PBXNativeTarget;
			buildConfigurationList = 37FE1701149FB178009E45D1 /* Build configuration list for PBXNativeTarget "ProxomoSample" */;
			buildPhases = (
				37FE16DC149FB177009E45D1 /* Sources */,
				37FE16DD149FB177009E45D1 /* Frameworks */,
				37FE16DE149FB177009E45D1 /* Resources */,
			);
			buildRules = (
			);
			dependencies = (
			);
			name = ProxomoSample;
			productName = ProxomoSample;
			productReference = 37FE16E0149FB177009E45D1 /* ProxomoDemo.app */;
			productType = "com.apple.product-type.application";
		};
/* End PBXNativeTarget section */

/* Begin PBXProject section */
		37FE16D7149FB177009E45D1 /* Project object */ = {
			isa = PBXProject;
			attributes = {
				LastUpgradeCheck = 0420;
			};
			buildConfigurationList = 37FE16DA149FB177009E45D1 /* Build configuration list for PBXProject "ProxomoSample" */;
			compatibilityVersion = "Xcode 3.2";
			developmentRegion = English;
			hasScannedForEncodings = 0;
			knownRegions = (
				en,
			);
			mainGroup = 37FE16D5149FB177009E45D1;
			productRefGroup = 37FE16E1149FB177009E45D1 /* Products */;
			projectDirPath = "";
			projectRoot = "";
			targets = (
				37FE16DF149FB177009E45D1 /* ProxomoSample */,
			);
		};
/* End PBXProject section */

/* Begin PBXResourcesBuildPhase section */
		37FE16DE149FB177009E45D1 /* Resources */ = {
			isa = PBXResourcesBuildPhase;
			buildActionMask = 2147483647;
			files = (
				37FE16EF149FB177009E45D1 /* InfoPlist.strings in Resources */,
				37FE16F8149FB178009E45D1 /* MainStoryboard_iPhone.storyboard in Resources */,
				37FE16FB149FB178009E45D1 /* MainStoryboard_iPad.storyboard in Resources */,
				37806FDE14BBE96700CF864E /* ProxomoBG.png in Resources */,
				37806FE114BBEBCA00CF864E /* icon.jpg in Resources */,
				37806FE314BBECF200CF864E /* icon.png in Resources */,
				37806FE514BBF27800CF864E /* LoginView.xib in Resources */,
				373F138314BFDF450094C752 /* LocationSearchView.xib in Resources */,
				3700A12314C3B27E00A23C3F /* GeoSearchView.xib in Resources */,
			);
			runOnlyForDeploymentPostprocessing = 0;
		};
/* End PBXResourcesBuildPhase section */

/* Begin PBXSourcesBuildPhase section */
		37FE16DC149FB177009E45D1 /* Sources */ = {
			isa = PBXSourcesBuildPhase;
			buildActionMask = 2147483647;
			files = (
				37FE16F1149FB177009E45D1 /* main.m in Sources */,
				37FE16F5149FB177009E45D1 /* AppDelegate.m in Sources */,
				37FE16FE149FB178009E45D1 /* PersonLoginView.m in Sources */,
				376B544E14B5654800AC5C5F /* ProxomoObjectView.m in Sources */,
				3771394C14B69C2D008C92E3 /* ProxomoListView.m in Sources */,
				379767D914BA28790016F934 /* FeatureTableView.m in Sources */,
				373F138214BFDF450094C752 /* LocationSearchView.m in Sources */,
				3700A12214C3B27E00A23C3F /* GeoSearchView.m in Sources */,
			);
			runOnlyForDeploymentPostprocessing = 0;
		};
/* End PBXSourcesBuildPhase section */

/* Begin PBXVariantGroup section */
		37FE16ED149FB177009E45D1 /* InfoPlist.strings */ = {
			isa = PBXVariantGroup;
			children = (
				37FE16EE149FB177009E45D1 /* en */,
			);
			name = InfoPlist.strings;
			sourceTree = "<group>";
		};
		37FE16F6149FB177009E45D1 /* MainStoryboard_iPhone.storyboard */ = {
			isa = PBXVariantGroup;
			children = (
				37FE16F7149FB178009E45D1 /* en */,
			);
			name = MainStoryboard_iPhone.storyboard;
			sourceTree = "<group>";
		};
		37FE16F9149FB178009E45D1 /* MainStoryboard_iPad.storyboard */ = {
			isa = PBXVariantGroup;
			children = (
				37FE16FA149FB178009E45D1 /* en */,
			);
			name = MainStoryboard_iPad.storyboard;
			sourceTree = "<group>";
		};
/* End PBXVariantGroup section */

/* Begin XCBuildConfiguration section */
		37FE16FF149FB178009E45D1 /* Debug */ = {
			isa = XCBuildConfiguration;
			buildSettings = {
				ALWAYS_SEARCH_USER_PATHS = NO;
				ARCHS = "$(ARCHS_STANDARD_32_BIT)";
				CLANG_ENABLE_OBJC_ARC = YES;
				"CODE_SIGN_IDENTITY[sdk=iphoneos*]" = "iPhone Developer";
				COPY_PHASE_STRIP = NO;
				GCC_C_LANGUAGE_STANDARD = gnu99;
				GCC_DYNAMIC_NO_PIC = NO;
				GCC_OPTIMIZATION_LEVEL = 0;
				GCC_PREPROCESSOR_DEFINITIONS = (
					"DEBUG=1",
					"$(inherited)",
				);
				GCC_SYMBOLS_PRIVATE_EXTERN = NO;
				GCC_VERSION = com.apple.compilers.llvm.clang.1_0;
				GCC_WARN_ABOUT_MISSING_PROTOTYPES = YES;
				GCC_WARN_ABOUT_RETURN_TYPE = YES;
				GCC_WARN_UNUSED_VARIABLE = YES;
				IPHONEOS_DEPLOYMENT_TARGET = 5.0;
				SDKROOT = iphoneos;
				TARGETED_DEVICE_FAMILY = "1,2";
			};
			name = Debug;
		};
		37FE1700149FB178009E45D1 /* Release */ = {
			isa = XCBuildConfiguration;
			buildSettings = {
				ALWAYS_SEARCH_USER_PATHS = NO;
				ARCHS = "$(ARCHS_STANDARD_32_BIT)";
				CLANG_ENABLE_OBJC_ARC = YES;
				"CODE_SIGN_IDENTITY[sdk=iphoneos*]" = "iPhone Developer";
				COPY_PHASE_STRIP = YES;
				GCC_C_LANGUAGE_STANDARD = gnu99;
				GCC_VERSION = com.apple.compilers.llvm.clang.1_0;
				GCC_WARN_ABOUT_MISSING_PROTOTYPES = YES;
				GCC_WARN_ABOUT_RETURN_TYPE = YES;
				GCC_WARN_UNUSED_VARIABLE = YES;
				IPHONEOS_DEPLOYMENT_TARGET = 5.0;
				OTHER_CFLAGS = "-DNS_BLOCK_ASSERTIONS=1";
				SDKROOT = iphoneos;
				TARGETED_DEVICE_FAMILY = "1,2";
				VALIDATE_PRODUCT = YES;
			};
			name = Release;
		};
		37FE1702149FB178009E45D1 /* Debug */ = {
			isa = XCBuildConfiguration;
			buildSettings = {
				GCC_PRECOMPILE_PREFIX_HEADER = YES;
				GCC_PREFIX_HEADER = "ProxomoSample/ProxomoSample-Prefix.pch";
				HEADER_SEARCH_PATHS = ../ProxomoAPI/ProxomoAPI/;
				INFOPLIST_FILE = "ProxomoSample/ProxomoSample-Info.plist";
				LIBRARY_SEARCH_PATHS = "$(inherited)";
				PRODUCT_NAME = ProxomoDemo;
				WRAPPER_EXTENSION = app;
			};
			name = Debug;
		};
		37FE1703149FB178009E45D1 /* Release */ = {
			isa = XCBuildConfiguration;
			buildSettings = {
				GCC_PRECOMPILE_PREFIX_HEADER = YES;
				GCC_PREFIX_HEADER = "ProxomoSample/ProxomoSample-Prefix.pch";
				HEADER_SEARCH_PATHS = ../ProxomoAPI/ProxomoAPI/;
				INFOPLIST_FILE = "ProxomoSample/ProxomoSample-Info.plist";
				LIBRARY_SEARCH_PATHS = "$(inherited)";
				PRODUCT_NAME = ProxomoDemo;
				WRAPPER_EXTENSION = app;
			};
			name = Release;
		};
/* End XCBuildConfiguration section */

/* Begin XCConfigurationList section */
		37FE16DA149FB177009E45D1 /* Build configuration list for PBXProject "ProxomoSample" */ = {
			isa = XCConfigurationList;
			buildConfigurations = (
				37FE16FF149FB178009E45D1 /* Debug */,
				37FE1700149FB178009E45D1 /* Release */,
			);
			defaultConfigurationIsVisible = 0;
			defaultConfigurationName = Release;
		};
		37FE1701149FB178009E45D1 /* Build configuration list for PBXNativeTarget "ProxomoSample" */ = {
			isa = XCConfigurationList;
			buildConfigurations = (
				37FE1702149FB178009E45D1 /* Debug */,
				37FE1703149FB178009E45D1 /* Release */,
			);
			defaultConfigurationIsVisible = 0;
			defaultConfigurationName = Release;
		};
/* End XCConfigurationList section */
	};
	rootObject = 37FE16D7149FB177009E45D1 /* Project object */;
}
