// !$*UTF8*$!
{
	archiveVersion = 1;
	classes = {
	};
	objectVersion = 46;
	objects = {

/* Begin PBXAggregateTarget section */
		1ACDECED1444DE2000D44FC1 /* Aggregate */ = {
			isa = PBXAggregateTarget;
			buildConfigurationList = 1ACDECF01444DE2000D44FC1 /* Build configuration list for PBXAggregateTarget "Aggregate" */;
			buildPhases = (
				1ACDECF21444DE2600D44FC1 /* ShellScript */,
			);
			dependencies = (
			);
			name = Aggregate;
			productName = Aggregate;
		};
/* End PBXAggregateTarget section */

/* Begin PBXBuildFile section */
		1A0D5CE11444EF2400F45DA6 /* PROXOMO.h in Headers */ = {isa = PBXBuildFile; fileRef = 1A0D5CDF1444EF2400F45DA6 /* PROXOMO.h */; };
		1A6A50EE1444D95200BA41EB /* InfoPlist.strings in Resources */ = {isa = PBXBuildFile; fileRef = 1A6A50EC1444D95200BA41EB /* InfoPlist.strings */; };
		1A6A50F41444D96100BA41EB /* PROXOMOAppDelegate.h in Headers */ = {isa = PBXBuildFile; fileRef = 1A6A508D1444C67100BA41EB /* PROXOMOAppDelegate.h */; };
		1A6A50F51444D96400BA41EB /* PROXOMOAppDelegate_iPhone.h in Headers */ = {isa = PBXBuildFile; fileRef = 1A6A50911444C67100BA41EB /* PROXOMOAppDelegate_iPhone.h */; };
		1A6A50F61444D96600BA41EB /* PROXOMOAppDelegate_iPad.h in Headers */ = {isa = PBXBuildFile; fileRef = 1A6A50981444C67100BA41EB /* PROXOMOAppDelegate_iPad.h */; };
		1A6A50F71444D96A00BA41EB /* PROXOMO_AppData.h in Headers */ = {isa = PBXBuildFile; fileRef = 1A6A50A31444C72B00BA41EB /* PROXOMO_AppData.h */; settings = {ATTRIBUTES = (Public, ); }; };
		1A6A50F81444D96D00BA41EB /* PROXOMO_Events.h in Headers */ = {isa = PBXBuildFile; fileRef = 1A6A50A61444C78D00BA41EB /* PROXOMO_Events.h */; settings = {ATTRIBUTES = (Public, ); }; };
		1A6A50F91444D97000BA41EB /* PROXOMO_Friends.h in Headers */ = {isa = PBXBuildFile; fileRef = 1A6A50A91444C79B00BA41EB /* PROXOMO_Friends.h */; settings = {ATTRIBUTES = (Public, ); }; };
		1A6A50FA1444D97300BA41EB /* PROXOMO_GeoCode.h in Headers */ = {isa = PBXBuildFile; fileRef = 1A6A50AC1444C7B200BA41EB /* PROXOMO_GeoCode.h */; settings = {ATTRIBUTES = (Public, ); }; };
		1A6A50FB1444D97700BA41EB /* PROXOMO_Locations.h in Headers */ = {isa = PBXBuildFile; fileRef = 1A6A50AF1444C7C400BA41EB /* PROXOMO_Locations.h */; settings = {ATTRIBUTES = (Public, ); }; };
		1A6A50FC1444D98100BA41EB /* PROXOMO_Notifications.h in Headers */ = {isa = PBXBuildFile; fileRef = 1A6A50B21444C7D500BA41EB /* PROXOMO_Notifications.h */; settings = {ATTRIBUTES = (Public, ); }; };
		1A6A50FD1444D98700BA41EB /* PROXOMO_Persons.h in Headers */ = {isa = PBXBuildFile; fileRef = 1A6A50B51444C7EA00BA41EB /* PROXOMO_Persons.h */; settings = {ATTRIBUTES = (Public, ); }; };
		1A6A50FE1444D99100BA41EB /* PROXOMOAppDelegate.m in Sources */ = {isa = PBXBuildFile; fileRef = 1A6A508E1444C67100BA41EB /* PROXOMOAppDelegate.m */; };
		1A6A50FF1444D99300BA41EB /* PROXOMOAppDelegate_iPhone.m in Sources */ = {isa = PBXBuildFile; fileRef = 1A6A50921444C67100BA41EB /* PROXOMOAppDelegate_iPhone.m */; };
		1A6A51001444D99600BA41EB /* PROXOMOAppDelegate_iPad.m in Sources */ = {isa = PBXBuildFile; fileRef = 1A6A50991444C67100BA41EB /* PROXOMOAppDelegate_iPad.m */; };
		1A6A51011444D99B00BA41EB /* PROXOMO_AppData.m in Sources */ = {isa = PBXBuildFile; fileRef = 1A6A50A41444C72B00BA41EB /* PROXOMO_AppData.m */; };
		1A6A51021444D99F00BA41EB /* PROXOMO_Events.m in Sources */ = {isa = PBXBuildFile; fileRef = 1A6A50A71444C78D00BA41EB /* PROXOMO_Events.m */; };
		1A6A51031444D9A200BA41EB /* PROXOMO_Friends.m in Sources */ = {isa = PBXBuildFile; fileRef = 1A6A50AA1444C79B00BA41EB /* PROXOMO_Friends.m */; };
		1A6A51041444D9A800BA41EB /* PROXOMO_GeoCode.m in Sources */ = {isa = PBXBuildFile; fileRef = 1A6A50AD1444C7B300BA41EB /* PROXOMO_GeoCode.m */; };
		1A6A51051444D9AC00BA41EB /* PROXOMO_Locations.m in Sources */ = {isa = PBXBuildFile; fileRef = 1A6A50B01444C7C400BA41EB /* PROXOMO_Locations.m */; };
		1A6A51061444D9B100BA41EB /* PROXOMO_Notifications.m in Sources */ = {isa = PBXBuildFile; fileRef = 1A6A50B31444C7D600BA41EB /* PROXOMO_Notifications.m */; };
		1A6A51071444D9B400BA41EB /* PROXOMO_Persons.m in Sources */ = {isa = PBXBuildFile; fileRef = 1A6A50B61444C7EA00BA41EB /* PROXOMO_Persons.m */; };
		61B506C81458CBE00052E6F3 /* UIKit.framework in Frameworks */ = {isa = PBXBuildFile; fileRef = 1A6A507E1444C67000BA41EB /* UIKit.framework */; };
		61B506C91458CBE00052E6F3 /* Foundation.framework in Frameworks */ = {isa = PBXBuildFile; fileRef = 1A6A50801444C67100BA41EB /* Foundation.framework */; };
		61B506CA1458CBE00052E6F3 /* CoreGraphics.framework in Frameworks */ = {isa = PBXBuildFile; fileRef = 1A6A50821444C67100BA41EB /* CoreGraphics.framework */; };
		61B506D01458CBE00052E6F3 /* InfoPlist.strings in Resources */ = {isa = PBXBuildFile; fileRef = 61B506CE1458CBE00052E6F3 /* InfoPlist.strings */; };
		61B506D21458CBE00052E6F3 /* main.m in Sources */ = {isa = PBXBuildFile; fileRef = 61B506D11458CBE00052E6F3 /* main.m */; };
		61B506D61458CBE00052E6F3 /* AppDelegate.m in Sources */ = {isa = PBXBuildFile; fileRef = 61B506D51458CBE00052E6F3 /* AppDelegate.m */; };
		61B506D91458CBE00052E6F3 /* MainStoryboard_iPhone.storyboard in Resources */ = {isa = PBXBuildFile; fileRef = 61B506D71458CBE00052E6F3 /* MainStoryboard_iPhone.storyboard */; };
		61B506DC1458CBE00052E6F3 /* MainStoryboard_iPad.storyboard in Resources */ = {isa = PBXBuildFile; fileRef = 61B506DA1458CBE00052E6F3 /* MainStoryboard_iPad.storyboard */; };
		61B506DF1458CBE00052E6F3 /* ViewController.m in Sources */ = {isa = PBXBuildFile; fileRef = 61B506DE1458CBE00052E6F3 /* ViewController.m */; };
		61B506E71458CBE00052E6F3 /* SenTestingKit.framework in Frameworks */ = {isa = PBXBuildFile; fileRef = 61B506E61458CBE00052E6F3 /* SenTestingKit.framework */; };
		61B506E81458CBE00052E6F3 /* UIKit.framework in Frameworks */ = {isa = PBXBuildFile; fileRef = 1A6A507E1444C67000BA41EB /* UIKit.framework */; };
		61B506E91458CBE00052E6F3 /* Foundation.framework in Frameworks */ = {isa = PBXBuildFile; fileRef = 1A6A50801444C67100BA41EB /* Foundation.framework */; };
		61B506F11458CBE00052E6F3 /* InfoPlist.strings in Resources */ = {isa = PBXBuildFile; fileRef = 61B506EF1458CBE00052E6F3 /* InfoPlist.strings */; };
		61B506F41458CBE00052E6F3 /* PROXOMO_DemoTests.m in Sources */ = {isa = PBXBuildFile; fileRef = 61B506F31458CBE00052E6F3 /* PROXOMO_DemoTests.m */; };
		61B507181458CD2B0052E6F3 /* NSObject+SBJson.h in Headers */ = {isa = PBXBuildFile; fileRef = 61B506FE1458CD2B0052E6F3 /* NSObject+SBJson.h */; };
		61B507191458CD2B0052E6F3 /* NSObject+SBJson.m in Sources */ = {isa = PBXBuildFile; fileRef = 61B506FF1458CD2B0052E6F3 /* NSObject+SBJson.m */; };
		61B5071A1458CD2B0052E6F3 /* NSObject+SBJson.m in Sources */ = {isa = PBXBuildFile; fileRef = 61B506FF1458CD2B0052E6F3 /* NSObject+SBJson.m */; };
		61B5071B1458CD2B0052E6F3 /* SBJson.h in Headers */ = {isa = PBXBuildFile; fileRef = 61B507001458CD2B0052E6F3 /* SBJson.h */; };
		61B5071C1458CD2B0052E6F3 /* SBJsonParser.h in Headers */ = {isa = PBXBuildFile; fileRef = 61B507011458CD2B0052E6F3 /* SBJsonParser.h */; };
		61B5071D1458CD2B0052E6F3 /* SBJsonParser.m in Sources */ = {isa = PBXBuildFile; fileRef = 61B507021458CD2B0052E6F3 /* SBJsonParser.m */; };
		61B5071E1458CD2B0052E6F3 /* SBJsonParser.m in Sources */ = {isa = PBXBuildFile; fileRef = 61B507021458CD2B0052E6F3 /* SBJsonParser.m */; };
		61B5071F1458CD2B0052E6F3 /* SBJsonStreamParser.h in Headers */ = {isa = PBXBuildFile; fileRef = 61B507031458CD2B0052E6F3 /* SBJsonStreamParser.h */; };
		61B507201458CD2B0052E6F3 /* SBJsonStreamParser.m in Sources */ = {isa = PBXBuildFile; fileRef = 61B507041458CD2B0052E6F3 /* SBJsonStreamParser.m */; };
		61B507211458CD2B0052E6F3 /* SBJsonStreamParser.m in Sources */ = {isa = PBXBuildFile; fileRef = 61B507041458CD2B0052E6F3 /* SBJsonStreamParser.m */; };
		61B507221458CD2B0052E6F3 /* SBJsonStreamParserAccumulator.h in Headers */ = {isa = PBXBuildFile; fileRef = 61B507051458CD2B0052E6F3 /* SBJsonStreamParserAccumulator.h */; };
		61B507231458CD2B0052E6F3 /* SBJsonStreamParserAccumulator.m in Sources */ = {isa = PBXBuildFile; fileRef = 61B507061458CD2B0052E6F3 /* SBJsonStreamParserAccumulator.m */; };
		61B507241458CD2B0052E6F3 /* SBJsonStreamParserAccumulator.m in Sources */ = {isa = PBXBuildFile; fileRef = 61B507061458CD2B0052E6F3 /* SBJsonStreamParserAccumulator.m */; };
		61B507251458CD2B0052E6F3 /* SBJsonStreamParserAdapter.h in Headers */ = {isa = PBXBuildFile; fileRef = 61B507071458CD2B0052E6F3 /* SBJsonStreamParserAdapter.h */; };
		61B507261458CD2B0052E6F3 /* SBJsonStreamParserAdapter.m in Sources */ = {isa = PBXBuildFile; fileRef = 61B507081458CD2B0052E6F3 /* SBJsonStreamParserAdapter.m */; };
		61B507271458CD2B0052E6F3 /* SBJsonStreamParserAdapter.m in Sources */ = {isa = PBXBuildFile; fileRef = 61B507081458CD2B0052E6F3 /* SBJsonStreamParserAdapter.m */; };
		61B507281458CD2B0052E6F3 /* SBJsonStreamParserState.h in Headers */ = {isa = PBXBuildFile; fileRef = 61B507091458CD2B0052E6F3 /* SBJsonStreamParserState.h */; };
		61B507291458CD2B0052E6F3 /* SBJsonStreamParserState.m in Sources */ = {isa = PBXBuildFile; fileRef = 61B5070A1458CD2B0052E6F3 /* SBJsonStreamParserState.m */; };
		61B5072A1458CD2B0052E6F3 /* SBJsonStreamParserState.m in Sources */ = {isa = PBXBuildFile; fileRef = 61B5070A1458CD2B0052E6F3 /* SBJsonStreamParserState.m */; };
		61B5072B1458CD2B0052E6F3 /* SBJsonStreamWriter.h in Headers */ = {isa = PBXBuildFile; fileRef = 61B5070B1458CD2B0052E6F3 /* SBJsonStreamWriter.h */; };
		61B5072C1458CD2B0052E6F3 /* SBJsonStreamWriter.m in Sources */ = {isa = PBXBuildFile; fileRef = 61B5070C1458CD2B0052E6F3 /* SBJsonStreamWriter.m */; };
		61B5072D1458CD2B0052E6F3 /* SBJsonStreamWriter.m in Sources */ = {isa = PBXBuildFile; fileRef = 61B5070C1458CD2B0052E6F3 /* SBJsonStreamWriter.m */; };
		61B5072E1458CD2B0052E6F3 /* SBJsonStreamWriterAccumulator.h in Headers */ = {isa = PBXBuildFile; fileRef = 61B5070D1458CD2B0052E6F3 /* SBJsonStreamWriterAccumulator.h */; };
		61B5072F1458CD2B0052E6F3 /* SBJsonStreamWriterAccumulator.m in Sources */ = {isa = PBXBuildFile; fileRef = 61B5070E1458CD2B0052E6F3 /* SBJsonStreamWriterAccumulator.m */; };
		61B507301458CD2B0052E6F3 /* SBJsonStreamWriterAccumulator.m in Sources */ = {isa = PBXBuildFile; fileRef = 61B5070E1458CD2B0052E6F3 /* SBJsonStreamWriterAccumulator.m */; };
		61B507311458CD2B0052E6F3 /* SBJsonStreamWriterState.h in Headers */ = {isa = PBXBuildFile; fileRef = 61B5070F1458CD2B0052E6F3 /* SBJsonStreamWriterState.h */; };
		61B507321458CD2B0052E6F3 /* SBJsonStreamWriterState.m in Sources */ = {isa = PBXBuildFile; fileRef = 61B507101458CD2B0052E6F3 /* SBJsonStreamWriterState.m */; };
		61B507331458CD2B0052E6F3 /* SBJsonStreamWriterState.m in Sources */ = {isa = PBXBuildFile; fileRef = 61B507101458CD2B0052E6F3 /* SBJsonStreamWriterState.m */; };
		61B507341458CD2B0052E6F3 /* SBJsonTokeniser.h in Headers */ = {isa = PBXBuildFile; fileRef = 61B507111458CD2B0052E6F3 /* SBJsonTokeniser.h */; };
		61B507351458CD2B0052E6F3 /* SBJsonTokeniser.m in Sources */ = {isa = PBXBuildFile; fileRef = 61B507121458CD2B0052E6F3 /* SBJsonTokeniser.m */; };
		61B507361458CD2B0052E6F3 /* SBJsonTokeniser.m in Sources */ = {isa = PBXBuildFile; fileRef = 61B507121458CD2B0052E6F3 /* SBJsonTokeniser.m */; };
		61B507371458CD2B0052E6F3 /* SBJsonUTF8Stream.h in Headers */ = {isa = PBXBuildFile; fileRef = 61B507131458CD2B0052E6F3 /* SBJsonUTF8Stream.h */; };
		61B507381458CD2B0052E6F3 /* SBJsonUTF8Stream.m in Sources */ = {isa = PBXBuildFile; fileRef = 61B507141458CD2B0052E6F3 /* SBJsonUTF8Stream.m */; };
		61B507391458CD2B0052E6F3 /* SBJsonUTF8Stream.m in Sources */ = {isa = PBXBuildFile; fileRef = 61B507141458CD2B0052E6F3 /* SBJsonUTF8Stream.m */; };
		61B5073A1458CD2B0052E6F3 /* SBJsonWriter.h in Headers */ = {isa = PBXBuildFile; fileRef = 61B507151458CD2B0052E6F3 /* SBJsonWriter.h */; };
		61B5073B1458CD2B0052E6F3 /* SBJsonWriter.m in Sources */ = {isa = PBXBuildFile; fileRef = 61B507161458CD2B0052E6F3 /* SBJsonWriter.m */; };
		61B5073C1458CD2B0052E6F3 /* SBJsonWriter.m in Sources */ = {isa = PBXBuildFile; fileRef = 61B507161458CD2B0052E6F3 /* SBJsonWriter.m */; };
		61B507761458D6490052E6F3 /* PROXOMO_API.h in Headers */ = {isa = PBXBuildFile; fileRef = 61B507741458D6480052E6F3 /* PROXOMO_API.h */; };
		61B507771458D6490052E6F3 /* PROXOMO_API.m in Sources */ = {isa = PBXBuildFile; fileRef = 61B507751458D6480052E6F3 /* PROXOMO_API.m */; };
		61B507781458D6490052E6F3 /* PROXOMO_API.m in Sources */ = {isa = PBXBuildFile; fileRef = 61B507751458D6480052E6F3 /* PROXOMO_API.m */; };
		61B5078A1458E4000052E6F3 /* PROXOMOAppDelegate.m in Sources */ = {isa = PBXBuildFile; fileRef = 1A6A508E1444C67100BA41EB /* PROXOMOAppDelegate.m */; };
		61B5078E1458E4000052E6F3 /* PROXOMO_AppData.m in Sources */ = {isa = PBXBuildFile; fileRef = 1A6A50A41444C72B00BA41EB /* PROXOMO_AppData.m */; };
		61B507901458E4000052E6F3 /* PROXOMO_Events.m in Sources */ = {isa = PBXBuildFile; fileRef = 1A6A50A71444C78D00BA41EB /* PROXOMO_Events.m */; };
		61B507921458E4000052E6F3 /* PROXOMO_Friends.m in Sources */ = {isa = PBXBuildFile; fileRef = 1A6A50AA1444C79B00BA41EB /* PROXOMO_Friends.m */; };
		61B507941458E4000052E6F3 /* PROXOMO_GeoCode.m in Sources */ = {isa = PBXBuildFile; fileRef = 1A6A50AD1444C7B300BA41EB /* PROXOMO_GeoCode.m */; };
		61B507961458E4000052E6F3 /* PROXOMO_Locations.m in Sources */ = {isa = PBXBuildFile; fileRef = 1A6A50B01444C7C400BA41EB /* PROXOMO_Locations.m */; };
		61B507981458E4000052E6F3 /* PROXOMO_Notifications.m in Sources */ = {isa = PBXBuildFile; fileRef = 1A6A50B31444C7D600BA41EB /* PROXOMO_Notifications.m */; };
		61B5079A1458E4000052E6F3 /* PROXOMO_Persons.m in Sources */ = {isa = PBXBuildFile; fileRef = 1A6A50B61444C7EA00BA41EB /* PROXOMO_Persons.m */; };
/* End PBXBuildFile section */

/* Begin PBXContainerItemProxy section */
		61B506EA1458CBE00052E6F3 /* PBXContainerItemProxy */ = {
			isa = PBXContainerItemProxy;
			containerPortal = 1A6A50711444C67000BA41EB /* Project object */;
			proxyType = 1;
			remoteGlobalIDString = 61B506C51458CBE00052E6F3;
			remoteInfo = PROXOMO_Demo;
		};
		61B507871458E3DE0052E6F3 /* PBXContainerItemProxy */ = {
			isa = PBXContainerItemProxy;
			containerPortal = 1A6A50711444C67000BA41EB /* Project object */;
			proxyType = 1;
			remoteGlobalIDString = 1A6A50E61444D94B00BA41EB;
			remoteInfo = PROXOMO;
		};
/* End PBXContainerItemProxy section */

/* Begin PBXFileReference section */
		1A0D5CDF1444EF2400F45DA6 /* PROXOMO.h */ = {isa = PBXFileReference; fileEncoding = 4; lastKnownFileType = sourcecode.c.h; path = PROXOMO.h; sourceTree = "<group>"; };
		1A6A507E1444C67000BA41EB /* UIKit.framework */ = {isa = PBXFileReference; lastKnownFileType = wrapper.framework; name = UIKit.framework; path = System/Library/Frameworks/UIKit.framework; sourceTree = SDKROOT; };
		1A6A50801444C67100BA41EB /* Foundation.framework */ = {isa = PBXFileReference; lastKnownFileType = wrapper.framework; name = Foundation.framework; path = System/Library/Frameworks/Foundation.framework; sourceTree = SDKROOT; };
		1A6A50821444C67100BA41EB /* CoreGraphics.framework */ = {isa = PBXFileReference; lastKnownFileType = wrapper.framework; name = CoreGraphics.framework; path = System/Library/Frameworks/CoreGraphics.framework; sourceTree = SDKROOT; };
		1A6A50861444C67100BA41EB /* PROXOMO-Info.plist */ = {isa = PBXFileReference; lastKnownFileType = text.plist.xml; path = "PROXOMO-Info.plist"; sourceTree = "<group>"; };
		1A6A50881444C67100BA41EB /* en */ = {isa = PBXFileReference; lastKnownFileType = text.plist.strings; name = en; path = en.lproj/InfoPlist.strings; sourceTree = "<group>"; };
		1A6A508A1444C67100BA41EB /* PROXOMO-Prefix.pch */ = {isa = PBXFileReference; lastKnownFileType = sourcecode.c.h; path = "PROXOMO-Prefix.pch"; sourceTree = "<group>"; };
		1A6A508B1444C67100BA41EB /* main.m */ = {isa = PBXFileReference; lastKnownFileType = sourcecode.c.objc; path = main.m; sourceTree = "<group>"; };
		1A6A508D1444C67100BA41EB /* PROXOMOAppDelegate.h */ = {isa = PBXFileReference; lastKnownFileType = sourcecode.c.h; path = PROXOMOAppDelegate.h; sourceTree = "<group>"; };
		1A6A508E1444C67100BA41EB /* PROXOMOAppDelegate.m */ = {isa = PBXFileReference; lastKnownFileType = sourcecode.c.objc; path = PROXOMOAppDelegate.m; sourceTree = "<group>"; };
		1A6A50911444C67100BA41EB /* PROXOMOAppDelegate_iPhone.h */ = {isa = PBXFileReference; lastKnownFileType = sourcecode.c.h; name = PROXOMOAppDelegate_iPhone.h; path = iPhone/PROXOMOAppDelegate_iPhone.h; sourceTree = "<group>"; };
		1A6A50921444C67100BA41EB /* PROXOMOAppDelegate_iPhone.m */ = {isa = PBXFileReference; lastKnownFileType = sourcecode.c.objc; name = PROXOMOAppDelegate_iPhone.m; path = iPhone/PROXOMOAppDelegate_iPhone.m; sourceTree = "<group>"; };
		1A6A50951444C67100BA41EB /* en */ = {isa = PBXFileReference; lastKnownFileType = file.xib; name = en; path = iPhone/en.lproj/MainWindow_iPhone.xib; sourceTree = "<group>"; };
		1A6A50981444C67100BA41EB /* PROXOMOAppDelegate_iPad.h */ = {isa = PBXFileReference; lastKnownFileType = sourcecode.c.h; name = PROXOMOAppDelegate_iPad.h; path = iPad/PROXOMOAppDelegate_iPad.h; sourceTree = "<group>"; };
		1A6A50991444C67100BA41EB /* PROXOMOAppDelegate_iPad.m */ = {isa = PBXFileReference; lastKnownFileType = sourcecode.c.objc; name = PROXOMOAppDelegate_iPad.m; path = iPad/PROXOMOAppDelegate_iPad.m; sourceTree = "<group>"; };
		1A6A509C1444C67100BA41EB /* en */ = {isa = PBXFileReference; lastKnownFileType = file.xib; name = en; path = iPad/en.lproj/MainWindow_iPad.xib; sourceTree = "<group>"; };
		1A6A50A31444C72B00BA41EB /* PROXOMO_AppData.h */ = {isa = PBXFileReference; fileEncoding = 4; lastKnownFileType = sourcecode.c.h; path = PROXOMO_AppData.h; sourceTree = "<group>"; };
		1A6A50A41444C72B00BA41EB /* PROXOMO_AppData.m */ = {isa = PBXFileReference; fileEncoding = 4; lastKnownFileType = sourcecode.c.objc; path = PROXOMO_AppData.m; sourceTree = "<group>"; };
		1A6A50A61444C78D00BA41EB /* PROXOMO_Events.h */ = {isa = PBXFileReference; fileEncoding = 4; lastKnownFileType = sourcecode.c.h; path = PROXOMO_Events.h; sourceTree = "<group>"; };
		1A6A50A71444C78D00BA41EB /* PROXOMO_Events.m */ = {isa = PBXFileReference; fileEncoding = 4; lastKnownFileType = sourcecode.c.objc; path = PROXOMO_Events.m; sourceTree = "<group>"; };
		1A6A50A91444C79B00BA41EB /* PROXOMO_Friends.h */ = {isa = PBXFileReference; fileEncoding = 4; lastKnownFileType = sourcecode.c.h; path = PROXOMO_Friends.h; sourceTree = "<group>"; };
		1A6A50AA1444C79B00BA41EB /* PROXOMO_Friends.m */ = {isa = PBXFileReference; fileEncoding = 4; lastKnownFileType = sourcecode.c.objc; path = PROXOMO_Friends.m; sourceTree = "<group>"; };
		1A6A50AC1444C7B200BA41EB /* PROXOMO_GeoCode.h */ = {isa = PBXFileReference; fileEncoding = 4; lastKnownFileType = sourcecode.c.h; path = PROXOMO_GeoCode.h; sourceTree = "<group>"; };
		1A6A50AD1444C7B300BA41EB /* PROXOMO_GeoCode.m */ = {isa = PBXFileReference; fileEncoding = 4; lastKnownFileType = sourcecode.c.objc; path = PROXOMO_GeoCode.m; sourceTree = "<group>"; };
		1A6A50AF1444C7C400BA41EB /* PROXOMO_Locations.h */ = {isa = PBXFileReference; fileEncoding = 4; lastKnownFileType = sourcecode.c.h; path = PROXOMO_Locations.h; sourceTree = "<group>"; };
		1A6A50B01444C7C400BA41EB /* PROXOMO_Locations.m */ = {isa = PBXFileReference; fileEncoding = 4; lastKnownFileType = sourcecode.c.objc; path = PROXOMO_Locations.m; sourceTree = "<group>"; };
		1A6A50B21444C7D500BA41EB /* PROXOMO_Notifications.h */ = {isa = PBXFileReference; fileEncoding = 4; lastKnownFileType = sourcecode.c.h; path = PROXOMO_Notifications.h; sourceTree = "<group>"; };
		1A6A50B31444C7D600BA41EB /* PROXOMO_Notifications.m */ = {isa = PBXFileReference; fileEncoding = 4; lastKnownFileType = sourcecode.c.objc; path = PROXOMO_Notifications.m; sourceTree = "<group>"; };
		1A6A50B51444C7EA00BA41EB /* PROXOMO_Persons.h */ = {isa = PBXFileReference; fileEncoding = 4; lastKnownFileType = sourcecode.c.h; path = PROXOMO_Persons.h; sourceTree = "<group>"; };
		1A6A50B61444C7EA00BA41EB /* PROXOMO_Persons.m */ = {isa = PBXFileReference; fileEncoding = 4; lastKnownFileType = sourcecode.c.objc; path = PROXOMO_Persons.m; sourceTree = "<group>"; };
		1A6A50EB1444D95200BA41EB /* PROXOMO-Info.plist */ = {isa = PBXFileReference; lastKnownFileType = text.plist.xml; path = "PROXOMO-Info.plist"; sourceTree = "<group>"; };
		1A6A50ED1444D95200BA41EB /* en */ = {isa = PBXFileReference; lastKnownFileType = text.plist.strings; name = en; path = en.lproj/InfoPlist.strings; sourceTree = "<group>"; };
		1A6A50EF1444D95200BA41EB /* PROXOMO-Prefix.pch */ = {isa = PBXFileReference; lastKnownFileType = sourcecode.c.h; path = "PROXOMO-Prefix.pch"; sourceTree = "<group>"; };
		1ACDECEC1444DDA800D44FC1 /* PROXOMO.framework */ = {isa = PBXFileReference; explicitFileType = wrapper.cfbundle; includeInIndex = 0; path = PROXOMO.framework; sourceTree = BUILT_PRODUCTS_DIR; };
		61B506C61458CBE00052E6F3 /* PROXOMO_Demo.app */ = {isa = PBXFileReference; explicitFileType = wrapper.application; includeInIndex = 0; path = PROXOMO_Demo.app; sourceTree = BUILT_PRODUCTS_DIR; };
		61B506CD1458CBE00052E6F3 /* PROXOMO_Demo-Info.plist */ = {isa = PBXFileReference; lastKnownFileType = text.plist.xml; path = "PROXOMO_Demo-Info.plist"; sourceTree = "<group>"; };
		61B506CF1458CBE00052E6F3 /* en */ = {isa = PBXFileReference; lastKnownFileType = text.plist.strings; name = en; path = en.lproj/InfoPlist.strings; sourceTree = "<group>"; };
		61B506D11458CBE00052E6F3 /* main.m */ = {isa = PBXFileReference; lastKnownFileType = sourcecode.c.objc; path = main.m; sourceTree = "<group>"; };
		61B506D31458CBE00052E6F3 /* PROXOMO_Demo-Prefix.pch */ = {isa = PBXFileReference; lastKnownFileType = sourcecode.c.h; path = "PROXOMO_Demo-Prefix.pch"; sourceTree = "<group>"; };
		61B506D41458CBE00052E6F3 /* AppDelegate.h */ = {isa = PBXFileReference; lastKnownFileType = sourcecode.c.h; path = AppDelegate.h; sourceTree = "<group>"; };
		61B506D51458CBE00052E6F3 /* AppDelegate.m */ = {isa = PBXFileReference; lastKnownFileType = sourcecode.c.objc; path = AppDelegate.m; sourceTree = "<group>"; };
		61B506D81458CBE00052E6F3 /* en */ = {isa = PBXFileReference; lastKnownFileType = file.storyboard; name = en; path = en.lproj/MainStoryboard_iPhone.storyboard; sourceTree = "<group>"; };
		61B506DB1458CBE00052E6F3 /* en */ = {isa = PBXFileReference; lastKnownFileType = file.storyboard; name = en; path = en.lproj/MainStoryboard_iPad.storyboard; sourceTree = "<group>"; };
		61B506DD1458CBE00052E6F3 /* ViewController.h */ = {isa = PBXFileReference; lastKnownFileType = sourcecode.c.h; path = ViewController.h; sourceTree = "<group>"; };
		61B506DE1458CBE00052E6F3 /* ViewController.m */ = {isa = PBXFileReference; lastKnownFileType = sourcecode.c.objc; path = ViewController.m; sourceTree = "<group>"; };
		61B506E51458CBE00052E6F3 /* PROXOMO_DemoTests.octest */ = {isa = PBXFileReference; explicitFileType = wrapper.cfbundle; includeInIndex = 0; path = PROXOMO_DemoTests.octest; sourceTree = BUILT_PRODUCTS_DIR; };
		61B506E61458CBE00052E6F3 /* SenTestingKit.framework */ = {isa = PBXFileReference; lastKnownFileType = wrapper.framework; name = SenTestingKit.framework; path = Library/Frameworks/SenTestingKit.framework; sourceTree = DEVELOPER_DIR; };
		61B506EE1458CBE00052E6F3 /* PROXOMO_DemoTests-Info.plist */ = {isa = PBXFileReference; lastKnownFileType = text.plist.xml; path = "PROXOMO_DemoTests-Info.plist"; sourceTree = "<group>"; };
		61B506F01458CBE00052E6F3 /* en */ = {isa = PBXFileReference; lastKnownFileType = text.plist.strings; name = en; path = en.lproj/InfoPlist.strings; sourceTree = "<group>"; };
		61B506F21458CBE00052E6F3 /* PROXOMO_DemoTests.h */ = {isa = PBXFileReference; lastKnownFileType = sourcecode.c.h; path = PROXOMO_DemoTests.h; sourceTree = "<group>"; };
		61B506F31458CBE00052E6F3 /* PROXOMO_DemoTests.m */ = {isa = PBXFileReference; lastKnownFileType = sourcecode.c.objc; path = PROXOMO_DemoTests.m; sourceTree = "<group>"; };
		61B506FE1458CD2B0052E6F3 /* NSObject+SBJson.h */ = {isa = PBXFileReference; fileEncoding = 4; lastKnownFileType = sourcecode.c.h; path = "NSObject+SBJson.h"; sourceTree = "<group>"; };
		61B506FF1458CD2B0052E6F3 /* NSObject+SBJson.m */ = {isa = PBXFileReference; fileEncoding = 4; lastKnownFileType = sourcecode.c.objc; path = "NSObject+SBJson.m"; sourceTree = "<group>"; };
		61B507001458CD2B0052E6F3 /* SBJson.h */ = {isa = PBXFileReference; fileEncoding = 4; lastKnownFileType = sourcecode.c.h; path = SBJson.h; sourceTree = "<group>"; };
		61B507011458CD2B0052E6F3 /* SBJsonParser.h */ = {isa = PBXFileReference; fileEncoding = 4; lastKnownFileType = sourcecode.c.h; path = SBJsonParser.h; sourceTree = "<group>"; };
		61B507021458CD2B0052E6F3 /* SBJsonParser.m */ = {isa = PBXFileReference; fileEncoding = 4; lastKnownFileType = sourcecode.c.objc; path = SBJsonParser.m; sourceTree = "<group>"; };
		61B507031458CD2B0052E6F3 /* SBJsonStreamParser.h */ = {isa = PBXFileReference; fileEncoding = 4; lastKnownFileType = sourcecode.c.h; path = SBJsonStreamParser.h; sourceTree = "<group>"; };
		61B507041458CD2B0052E6F3 /* SBJsonStreamParser.m */ = {isa = PBXFileReference; fileEncoding = 4; lastKnownFileType = sourcecode.c.objc; path = SBJsonStreamParser.m; sourceTree = "<group>"; };
		61B507051458CD2B0052E6F3 /* SBJsonStreamParserAccumulator.h */ = {isa = PBXFileReference; fileEncoding = 4; lastKnownFileType = sourcecode.c.h; path = SBJsonStreamParserAccumulator.h; sourceTree = "<group>"; };
		61B507061458CD2B0052E6F3 /* SBJsonStreamParserAccumulator.m */ = {isa = PBXFileReference; fileEncoding = 4; lastKnownFileType = sourcecode.c.objc; path = SBJsonStreamParserAccumulator.m; sourceTree = "<group>"; };
		61B507071458CD2B0052E6F3 /* SBJsonStreamParserAdapter.h */ = {isa = PBXFileReference; fileEncoding = 4; lastKnownFileType = sourcecode.c.h; path = SBJsonStreamParserAdapter.h; sourceTree = "<group>"; };
		61B507081458CD2B0052E6F3 /* SBJsonStreamParserAdapter.m */ = {isa = PBXFileReference; fileEncoding = 4; lastKnownFileType = sourcecode.c.objc; path = SBJsonStreamParserAdapter.m; sourceTree = "<group>"; };
		61B507091458CD2B0052E6F3 /* SBJsonStreamParserState.h */ = {isa = PBXFileReference; fileEncoding = 4; lastKnownFileType = sourcecode.c.h; path = SBJsonStreamParserState.h; sourceTree = "<group>"; };
		61B5070A1458CD2B0052E6F3 /* SBJsonStreamParserState.m */ = {isa = PBXFileReference; fileEncoding = 4; lastKnownFileType = sourcecode.c.objc; path = SBJsonStreamParserState.m; sourceTree = "<group>"; };
		61B5070B1458CD2B0052E6F3 /* SBJsonStreamWriter.h */ = {isa = PBXFileReference; fileEncoding = 4; lastKnownFileType = sourcecode.c.h; path = SBJsonStreamWriter.h; sourceTree = "<group>"; };
		61B5070C1458CD2B0052E6F3 /* SBJsonStreamWriter.m */ = {isa = PBXFileReference; fileEncoding = 4; lastKnownFileType = sourcecode.c.objc; path = SBJsonStreamWriter.m; sourceTree = "<group>"; };
		61B5070D1458CD2B0052E6F3 /* SBJsonStreamWriterAccumulator.h */ = {isa = PBXFileReference; fileEncoding = 4; lastKnownFileType = sourcecode.c.h; path = SBJsonStreamWriterAccumulator.h; sourceTree = "<group>"; };
		61B5070E1458CD2B0052E6F3 /* SBJsonStreamWriterAccumulator.m */ = {isa = PBXFileReference; fileEncoding = 4; lastKnownFileType = sourcecode.c.objc; path = SBJsonStreamWriterAccumulator.m; sourceTree = "<group>"; };
		61B5070F1458CD2B0052E6F3 /* SBJsonStreamWriterState.h */ = {isa = PBXFileReference; fileEncoding = 4; lastKnownFileType = sourcecode.c.h; path = SBJsonStreamWriterState.h; sourceTree = "<group>"; };
		61B507101458CD2B0052E6F3 /* SBJsonStreamWriterState.m */ = {isa = PBXFileReference; fileEncoding = 4; lastKnownFileType = sourcecode.c.objc; path = SBJsonStreamWriterState.m; sourceTree = "<group>"; };
		61B507111458CD2B0052E6F3 /* SBJsonTokeniser.h */ = {isa = PBXFileReference; fileEncoding = 4; lastKnownFileType = sourcecode.c.h; path = SBJsonTokeniser.h; sourceTree = "<group>"; };
		61B507121458CD2B0052E6F3 /* SBJsonTokeniser.m */ = {isa = PBXFileReference; fileEncoding = 4; lastKnownFileType = sourcecode.c.objc; path = SBJsonTokeniser.m; sourceTree = "<group>"; };
		61B507131458CD2B0052E6F3 /* SBJsonUTF8Stream.h */ = {isa = PBXFileReference; fileEncoding = 4; lastKnownFileType = sourcecode.c.h; path = SBJsonUTF8Stream.h; sourceTree = "<group>"; };
		61B507141458CD2B0052E6F3 /* SBJsonUTF8Stream.m */ = {isa = PBXFileReference; fileEncoding = 4; lastKnownFileType = sourcecode.c.objc; path = SBJsonUTF8Stream.m; sourceTree = "<group>"; };
		61B507151458CD2B0052E6F3 /* SBJsonWriter.h */ = {isa = PBXFileReference; fileEncoding = 4; lastKnownFileType = sourcecode.c.h; path = SBJsonWriter.h; sourceTree = "<group>"; };
		61B507161458CD2B0052E6F3 /* SBJsonWriter.m */ = {isa = PBXFileReference; fileEncoding = 4; lastKnownFileType = sourcecode.c.objc; path = SBJsonWriter.m; sourceTree = "<group>"; };
		61B507741458D6480052E6F3 /* PROXOMO_API.h */ = {isa = PBXFileReference; fileEncoding = 4; lastKnownFileType = sourcecode.c.h; path = PROXOMO_API.h; sourceTree = "<group>"; };
		61B507751458D6480052E6F3 /* PROXOMO_API.m */ = {isa = PBXFileReference; fileEncoding = 4; lastKnownFileType = sourcecode.c.objc; path = PROXOMO_API.m; sourceTree = "<group>"; };
/* End PBXFileReference section */

/* Begin PBXFrameworksBuildPhase section */
		1A6A50E41444D94B00BA41EB /* Frameworks */ = {
			isa = PBXFrameworksBuildPhase;
			buildActionMask = 2147483647;
			files = (
			);
			runOnlyForDeploymentPostprocessing = 0;
		};
		61B506C31458CBE00052E6F3 /* Frameworks */ = {
			isa = PBXFrameworksBuildPhase;
			buildActionMask = 2147483647;
			files = (
				61B506C81458CBE00052E6F3 /* UIKit.framework in Frameworks */,
				61B506C91458CBE00052E6F3 /* Foundation.framework in Frameworks */,
				61B506CA1458CBE00052E6F3 /* CoreGraphics.framework in Frameworks */,
			);
			runOnlyForDeploymentPostprocessing = 0;
		};
		61B506E11458CBE00052E6F3 /* Frameworks */ = {
			isa = PBXFrameworksBuildPhase;
			buildActionMask = 2147483647;
			files = (
				61B506E71458CBE00052E6F3 /* SenTestingKit.framework in Frameworks */,
				61B506E81458CBE00052E6F3 /* UIKit.framework in Frameworks */,
				61B506E91458CBE00052E6F3 /* Foundation.framework in Frameworks */,
			);
			runOnlyForDeploymentPostprocessing = 0;
		};
/* End PBXFrameworksBuildPhase section */

/* Begin PBXGroup section */
		1A6A506F1444C67000BA41EB = {
			isa = PBXGroup;
			children = (
				1A6A50841444C67100BA41EB /* PROXOMO */,
				1A6A50E91444D95100BA41EB /* PROXOMO */,
				61B506CB1458CBE00052E6F3 /* PROXOMO_Demo */,
				61B506EC1458CBE00052E6F3 /* PROXOMO_DemoTests */,
				1A6A507D1444C67000BA41EB /* Frameworks */,
				1A6A507B1444C67000BA41EB /* Products */,
			);
			sourceTree = "<group>";
		};
		1A6A507B1444C67000BA41EB /* Products */ = {
			isa = PBXGroup;
			children = (
				1ACDECEC1444DDA800D44FC1 /* PROXOMO.framework */,
				61B506C61458CBE00052E6F3 /* PROXOMO_Demo.app */,
				61B506E51458CBE00052E6F3 /* PROXOMO_DemoTests.octest */,
			);
			name = Products;
			sourceTree = "<group>";
		};
		1A6A507D1444C67000BA41EB /* Frameworks */ = {
			isa = PBXGroup;
			children = (
				1A6A507E1444C67000BA41EB /* UIKit.framework */,
				1A6A50801444C67100BA41EB /* Foundation.framework */,
				1A6A50821444C67100BA41EB /* CoreGraphics.framework */,
				61B506E61458CBE00052E6F3 /* SenTestingKit.framework */,
			);
			name = Frameworks;
			sourceTree = "<group>";
		};
		1A6A50841444C67100BA41EB /* PROXOMO */ = {
			isa = PBXGroup;
			children = (
				61B506FC1458CD2B0052E6F3 /* SBJson */,
				1A6A508D1444C67100BA41EB /* PROXOMOAppDelegate.h */,
				1A6A508E1444C67100BA41EB /* PROXOMOAppDelegate.m */,
				1A0D5CDF1444EF2400F45DA6 /* PROXOMO.h */,
				61B507741458D6480052E6F3 /* PROXOMO_API.h */,
				61B507751458D6480052E6F3 /* PROXOMO_API.m */,
				1A6A50A31444C72B00BA41EB /* PROXOMO_AppData.h */,
				1A6A50A41444C72B00BA41EB /* PROXOMO_AppData.m */,
				1A6A50A61444C78D00BA41EB /* PROXOMO_Events.h */,
				1A6A50A71444C78D00BA41EB /* PROXOMO_Events.m */,
				1A6A50A91444C79B00BA41EB /* PROXOMO_Friends.h */,
				1A6A50AA1444C79B00BA41EB /* PROXOMO_Friends.m */,
				1A6A50AC1444C7B200BA41EB /* PROXOMO_GeoCode.h */,
				1A6A50AD1444C7B300BA41EB /* PROXOMO_GeoCode.m */,
				1A6A50AF1444C7C400BA41EB /* PROXOMO_Locations.h */,
				1A6A50B01444C7C400BA41EB /* PROXOMO_Locations.m */,
				1A6A50B21444C7D500BA41EB /* PROXOMO_Notifications.h */,
				1A6A50B31444C7D600BA41EB /* PROXOMO_Notifications.m */,
				1A6A50B51444C7EA00BA41EB /* PROXOMO_Persons.h */,
				1A6A50B61444C7EA00BA41EB /* PROXOMO_Persons.m */,
				1A6A50901444C67100BA41EB /* iPhone */,
				1A6A50971444C67100BA41EB /* iPad */,
				1A6A50851444C67100BA41EB /* Supporting Files */,
			);
			path = PROXOMO;
			sourceTree = "<group>";
		};
		1A6A50851444C67100BA41EB /* Supporting Files */ = {
			isa = PBXGroup;
			children = (
				1A6A50861444C67100BA41EB /* PROXOMO-Info.plist */,
				1A6A50871444C67100BA41EB /* InfoPlist.strings */,
				1A6A508A1444C67100BA41EB /* PROXOMO-Prefix.pch */,
				1A6A508B1444C67100BA41EB /* main.m */,
			);
			name = "Supporting Files";
			sourceTree = "<group>";
		};
		1A6A50901444C67100BA41EB /* iPhone */ = {
			isa = PBXGroup;
			children = (
				1A6A50911444C67100BA41EB /* PROXOMOAppDelegate_iPhone.h */,
				1A6A50921444C67100BA41EB /* PROXOMOAppDelegate_iPhone.m */,
				1A6A50941444C67100BA41EB /* MainWindow_iPhone.xib */,
			);
			name = iPhone;
			sourceTree = "<group>";
		};
		1A6A50971444C67100BA41EB /* iPad */ = {
			isa = PBXGroup;
			children = (
				1A6A50981444C67100BA41EB /* PROXOMOAppDelegate_iPad.h */,
				1A6A50991444C67100BA41EB /* PROXOMOAppDelegate_iPad.m */,
				1A6A509B1444C67100BA41EB /* MainWindow_iPad.xib */,
			);
			name = iPad;
			sourceTree = "<group>";
		};
		1A6A50E91444D95100BA41EB /* PROXOMO */ = {
			isa = PBXGroup;
			children = (
				1A6A50EA1444D95200BA41EB /* Supporting Files */,
			);
			path = PROXOMO;
			sourceTree = "<group>";
		};
		1A6A50EA1444D95200BA41EB /* Supporting Files */ = {
			isa = PBXGroup;
			children = (
				1A6A50EB1444D95200BA41EB /* PROXOMO-Info.plist */,
				1A6A50EC1444D95200BA41EB /* InfoPlist.strings */,
				1A6A50EF1444D95200BA41EB /* PROXOMO-Prefix.pch */,
			);
			name = "Supporting Files";
			sourceTree = "<group>";
		};
		61B506CB1458CBE00052E6F3 /* PROXOMO_Demo */ = {
			isa = PBXGroup;
			children = (
				61B506D41458CBE00052E6F3 /* AppDelegate.h */,
				61B506D51458CBE00052E6F3 /* AppDelegate.m */,
				61B506D71458CBE00052E6F3 /* MainStoryboard_iPhone.storyboard */,
				61B506DA1458CBE00052E6F3 /* MainStoryboard_iPad.storyboard */,
				61B506DD1458CBE00052E6F3 /* ViewController.h */,
				61B506DE1458CBE00052E6F3 /* ViewController.m */,
				61B506CC1458CBE00052E6F3 /* Supporting Files */,
			);
			path = PROXOMO_Demo;
			sourceTree = "<group>";
		};
		61B506CC1458CBE00052E6F3 /* Supporting Files */ = {
			isa = PBXGroup;
			children = (
				61B506CD1458CBE00052E6F3 /* PROXOMO_Demo-Info.plist */,
				61B506CE1458CBE00052E6F3 /* InfoPlist.strings */,
				61B506D11458CBE00052E6F3 /* main.m */,
				61B506D31458CBE00052E6F3 /* PROXOMO_Demo-Prefix.pch */,
			);
			name = "Supporting Files";
			sourceTree = "<group>";
		};
		61B506EC1458CBE00052E6F3 /* PROXOMO_DemoTests */ = {
			isa = PBXGroup;
			children = (
				61B506F21458CBE00052E6F3 /* PROXOMO_DemoTests.h */,
				61B506F31458CBE00052E6F3 /* PROXOMO_DemoTests.m */,
				61B506ED1458CBE00052E6F3 /* Supporting Files */,
			);
			path = PROXOMO_DemoTests;
			sourceTree = "<group>";
		};
		61B506ED1458CBE00052E6F3 /* Supporting Files */ = {
			isa = PBXGroup;
			children = (
				61B506EE1458CBE00052E6F3 /* PROXOMO_DemoTests-Info.plist */,
				61B506EF1458CBE00052E6F3 /* InfoPlist.strings */,
			);
			name = "Supporting Files";
			sourceTree = "<group>";
		};
		61B506FC1458CD2B0052E6F3 /* SBJson */ = {
			isa = PBXGroup;
			children = (
				61B506FE1458CD2B0052E6F3 /* NSObject+SBJson.h */,
				61B506FF1458CD2B0052E6F3 /* NSObject+SBJson.m */,
				61B507001458CD2B0052E6F3 /* SBJson.h */,
				61B507011458CD2B0052E6F3 /* SBJsonParser.h */,
				61B507021458CD2B0052E6F3 /* SBJsonParser.m */,
				61B507031458CD2B0052E6F3 /* SBJsonStreamParser.h */,
				61B507041458CD2B0052E6F3 /* SBJsonStreamParser.m */,
				61B507051458CD2B0052E6F3 /* SBJsonStreamParserAccumulator.h */,
				61B507061458CD2B0052E6F3 /* SBJsonStreamParserAccumulator.m */,
				61B507071458CD2B0052E6F3 /* SBJsonStreamParserAdapter.h */,
				61B507081458CD2B0052E6F3 /* SBJsonStreamParserAdapter.m */,
				61B507091458CD2B0052E6F3 /* SBJsonStreamParserState.h */,
				61B5070A1458CD2B0052E6F3 /* SBJsonStreamParserState.m */,
				61B5070B1458CD2B0052E6F3 /* SBJsonStreamWriter.h */,
				61B5070C1458CD2B0052E6F3 /* SBJsonStreamWriter.m */,
				61B5070D1458CD2B0052E6F3 /* SBJsonStreamWriterAccumulator.h */,
				61B5070E1458CD2B0052E6F3 /* SBJsonStreamWriterAccumulator.m */,
				61B5070F1458CD2B0052E6F3 /* SBJsonStreamWriterState.h */,
				61B507101458CD2B0052E6F3 /* SBJsonStreamWriterState.m */,
				61B507111458CD2B0052E6F3 /* SBJsonTokeniser.h */,
				61B507121458CD2B0052E6F3 /* SBJsonTokeniser.m */,
				61B507131458CD2B0052E6F3 /* SBJsonUTF8Stream.h */,
				61B507141458CD2B0052E6F3 /* SBJsonUTF8Stream.m */,
				61B507151458CD2B0052E6F3 /* SBJsonWriter.h */,
				61B507161458CD2B0052E6F3 /* SBJsonWriter.m */,
			);
			path = SBJson;
			sourceTree = "<group>";
		};
/* End PBXGroup section */

/* Begin PBXHeadersBuildPhase section */
		1A6A50F31444D95A00BA41EB /* Headers */ = {
			isa = PBXHeadersBuildPhase;
			buildActionMask = 2147483647;
			files = (
				1A6A50F71444D96A00BA41EB /* PROXOMO_AppData.h in Headers */,
				1A6A50F81444D96D00BA41EB /* PROXOMO_Events.h in Headers */,
				1A6A50F91444D97000BA41EB /* PROXOMO_Friends.h in Headers */,
				1A6A50FA1444D97300BA41EB /* PROXOMO_GeoCode.h in Headers */,
				1A6A50FB1444D97700BA41EB /* PROXOMO_Locations.h in Headers */,
				1A6A50FC1444D98100BA41EB /* PROXOMO_Notifications.h in Headers */,
				1A6A50FD1444D98700BA41EB /* PROXOMO_Persons.h in Headers */,
				1A6A50F41444D96100BA41EB /* PROXOMOAppDelegate.h in Headers */,
				1A6A50F51444D96400BA41EB /* PROXOMOAppDelegate_iPhone.h in Headers */,
				1A6A50F61444D96600BA41EB /* PROXOMOAppDelegate_iPad.h in Headers */,
				1A0D5CE11444EF2400F45DA6 /* PROXOMO.h in Headers */,
				61B507181458CD2B0052E6F3 /* NSObject+SBJson.h in Headers */,
				61B5071B1458CD2B0052E6F3 /* SBJson.h in Headers */,
				61B5071C1458CD2B0052E6F3 /* SBJsonParser.h in Headers */,
				61B5071F1458CD2B0052E6F3 /* SBJsonStreamParser.h in Headers */,
				61B507221458CD2B0052E6F3 /* SBJsonStreamParserAccumulator.h in Headers */,
				61B507251458CD2B0052E6F3 /* SBJsonStreamParserAdapter.h in Headers */,
				61B507281458CD2B0052E6F3 /* SBJsonStreamParserState.h in Headers */,
				61B5072B1458CD2B0052E6F3 /* SBJsonStreamWriter.h in Headers */,
				61B5072E1458CD2B0052E6F3 /* SBJsonStreamWriterAccumulator.h in Headers */,
				61B507311458CD2B0052E6F3 /* SBJsonStreamWriterState.h in Headers */,
				61B507341458CD2B0052E6F3 /* SBJsonTokeniser.h in Headers */,
				61B507371458CD2B0052E6F3 /* SBJsonUTF8Stream.h in Headers */,
				61B5073A1458CD2B0052E6F3 /* SBJsonWriter.h in Headers */,
				61B507761458D6490052E6F3 /* PROXOMO_API.h in Headers */,
			);
			runOnlyForDeploymentPostprocessing = 0;
		};
/* End PBXHeadersBuildPhase section */

/* Begin PBXNativeTarget section */
		1A6A50E61444D94B00BA41EB /* PROXOMO */ = {
			isa = PBXNativeTarget;
			buildConfigurationList = 1A6A50F01444D95200BA41EB /* Build configuration list for PBXNativeTarget "PROXOMO" */;
			buildPhases = (
				1A6A50E31444D94B00BA41EB /* Sources */,
				1A6A50E41444D94B00BA41EB /* Frameworks */,
				1A6A50E51444D94B00BA41EB /* Resources */,
				1A6A50F31444D95A00BA41EB /* Headers */,
			);
			buildRules = (
			);
			dependencies = (
			);
			name = PROXOMO;
			productName = PROXOMO;
			productReference = 1ACDECEC1444DDA800D44FC1 /* PROXOMO.framework */;
			productType = "com.apple.product-type.bundle";
		};
		61B506C51458CBE00052E6F3 /* PROXOMO_Demo */ = {
			isa = PBXNativeTarget;
			buildConfigurationList = 61B506F91458CBE00052E6F3 /* Build configuration list for PBXNativeTarget "PROXOMO_Demo" */;
			buildPhases = (
				61B506C21458CBE00052E6F3 /* Sources */,
				61B506C31458CBE00052E6F3 /* Frameworks */,
				61B506C41458CBE00052E6F3 /* Resources */,
			);
			buildRules = (
			);
			dependencies = (
				61B507881458E3DE0052E6F3 /* PBXTargetDependency */,
			);
			name = PROXOMO_Demo;
			productName = PROXOMO_Demo;
			productReference = 61B506C61458CBE00052E6F3 /* PROXOMO_Demo.app */;
			productType = "com.apple.product-type.application";
		};
		61B506E41458CBE00052E6F3 /* PROXOMO_DemoTests */ = {
			isa = PBXNativeTarget;
			buildConfigurationList = 61B506FA1458CBE00052E6F3 /* Build configuration list for PBXNativeTarget "PROXOMO_DemoTests" */;
			buildPhases = (
				61B506E01458CBE00052E6F3 /* Sources */,
				61B506E11458CBE00052E6F3 /* Frameworks */,
				61B506E21458CBE00052E6F3 /* Resources */,
				61B506E31458CBE00052E6F3 /* ShellScript */,
			);
			buildRules = (
			);
			dependencies = (
				61B506EB1458CBE00052E6F3 /* PBXTargetDependency */,
			);
			name = PROXOMO_DemoTests;
			productName = PROXOMO_DemoTests;
			productReference = 61B506E51458CBE00052E6F3 /* PROXOMO_DemoTests.octest */;
			productType = "com.apple.product-type.bundle";
		};
/* End PBXNativeTarget section */

/* Begin PBXProject section */
		1A6A50711444C67000BA41EB /* Project object */ = {
			isa = PBXProject;
			attributes = {
				LastUpgradeCheck = 0420;
				ORGANIZATIONNAME = "MSU-IIT";
			};
			buildConfigurationList = 1A6A50741444C67000BA41EB /* Build configuration list for PBXProject "PROXOMO" */;
			compatibilityVersion = "Xcode 3.2";
			developmentRegion = English;
			hasScannedForEncodings = 0;
			knownRegions = (
				en,
			);
			mainGroup = 1A6A506F1444C67000BA41EB;
			productRefGroup = 1A6A507B1444C67000BA41EB /* Products */;
			projectDirPath = "";
			projectRoot = "";
			targets = (
				1A6A50E61444D94B00BA41EB /* PROXOMO */,
				1ACDECED1444DE2000D44FC1 /* Aggregate */,
				61B506C51458CBE00052E6F3 /* PROXOMO_Demo */,
				61B506E41458CBE00052E6F3 /* PROXOMO_DemoTests */,
			);
		};
/* End PBXProject section */

/* Begin PBXResourcesBuildPhase section */
		1A6A50E51444D94B00BA41EB /* Resources */ = {
			isa = PBXResourcesBuildPhase;
			buildActionMask = 2147483647;
			files = (
				1A6A50EE1444D95200BA41EB /* InfoPlist.strings in Resources */,
			);
			runOnlyForDeploymentPostprocessing = 0;
		};
		61B506C41458CBE00052E6F3 /* Resources */ = {
			isa = PBXResourcesBuildPhase;
			buildActionMask = 2147483647;
			files = (
				61B506D01458CBE00052E6F3 /* InfoPlist.strings in Resources */,
				61B506D91458CBE00052E6F3 /* MainStoryboard_iPhone.storyboard in Resources */,
				61B506DC1458CBE00052E6F3 /* MainStoryboard_iPad.storyboard in Resources */,
			);
			runOnlyForDeploymentPostprocessing = 0;
		};
		61B506E21458CBE00052E6F3 /* Resources */ = {
			isa = PBXResourcesBuildPhase;
			buildActionMask = 2147483647;
			files = (
				61B506F11458CBE00052E6F3 /* InfoPlist.strings in Resources */,
			);
			runOnlyForDeploymentPostprocessing = 0;
		};
/* End PBXResourcesBuildPhase section */

/* Begin PBXShellScriptBuildPhase section */
		1ACDECF21444DE2600D44FC1 /* ShellScript */ = {
			isa = PBXShellScriptBuildPhase;
			buildActionMask = 2147483647;
			files = (
			);
			inputPaths = (
			);
			outputPaths = (
			);
			runOnlyForDeploymentPostprocessing = 0;
			shellPath = /bin/sh;
			shellScript = "# Sets the target folders and the final framework product.\nFMK_NAME=PROXOMO\nFMK_VERSION=A\n\n# Install dir will be the final output to the framework.\n# The following line create it in the root folder of the current project.\nINSTALL_DIR=${SRCROOT}/Products/${FMK_NAME}.framework\n\n# Working dir will be deleted after the framework creation.\nWRK_DIR=build\nDEVICE_DIR=${WRK_DIR}/Release-iphoneos/${FMK_NAME}.framework\nSIMULATOR_DIR=${WRK_DIR}/Release-iphonesimulator/${FMK_NAME}.framework\n\n# Building both architectures.\nxcodebuild -configuration \"Release\" -target \"${FMK_NAME}\" -sdk iphoneos\nxcodebuild -configuration \"Release\" -target \"${FMK_NAME}\" -sdk iphonesimulator\n\n# Cleaning the oldest.\nif [ -d \"${INSTALL_DIR}\" ]\nthen\nrm -rf \"${INSTALL_DIR}\"\nfi\n\n# Creates and renews the final product folder.\nmkdir -p \"${INSTALL_DIR}\"\nmkdir -p \"${INSTALL_DIR}/Versions\"\nmkdir -p \"${INSTALL_DIR}/Versions/${FMK_VERSION}\"\nmkdir -p \"${INSTALL_DIR}/Versions/${FMK_VERSION}/Resources\"\nmkdir -p \"${INSTALL_DIR}/Versions/${FMK_VERSION}/Headers\"\n\n# Creates the internal links.\n# It MUST uses relative path, otherwise will not work when the folder is copied/moved.\nln -s \"${FMK_VERSION}\" \"${INSTALL_DIR}/Versions/Current\"\nln -s \"Versions/Current/Headers\" \"${INSTALL_DIR}/Headers\"\nln -s \"Versions/Current/Resources\" \"${INSTALL_DIR}/Resources\"\nln -s \"Versions/Current/${FMK_NAME}\" \"${INSTALL_DIR}/${FMK_NAME}\"\n\n# Copies the headers and resources files to the final product folder.\ncp -R \"${DEVICE_DIR}/Headers/\" \"${INSTALL_DIR}/Versions/${FMK_VERSION}/Headers/\"\ncp -R \"${DEVICE_DIR}/\" \"${INSTALL_DIR}/Versions/${FMK_VERSION}/Resources/\"\n\n# Removes the binary and header from the resources folder.\nrm -r \"${INSTALL_DIR}/Versions/${FMK_VERSION}/Resources/Headers\" \"${INSTALL_DIR}/Versions/${FMK_VERSION}/Resources/${FMK_NAME}\"\n\n# Uses the Lipo Tool to merge both binary files (i386 + armv6/armv7) into one Universal final product.\nlipo -create \"${DEVICE_DIR}/${FMK_NAME}\" \"${SIMULATOR_DIR}/${FMK_NAME}\" -output \"${INSTALL_DIR}/Versions/${FMK_VERSION}/${FMK_NAME}\"\n\nrm -r \"${WRK_DIR}\"";
		};
		61B506E31458CBE00052E6F3 /* ShellScript */ = {
			isa = PBXShellScriptBuildPhase;
			buildActionMask = 2147483647;
			files = (
			);
			inputPaths = (
			);
			outputPaths = (
			);
			runOnlyForDeploymentPostprocessing = 0;
			shellPath = /bin/sh;
			shellScript = "# Run the unit tests in this test bundle.\n\"${SYSTEM_DEVELOPER_DIR}/Tools/RunUnitTests\"\n";
		};
/* End PBXShellScriptBuildPhase section */

/* Begin PBXSourcesBuildPhase section */
		1A6A50E31444D94B00BA41EB /* Sources */ = {
			isa = PBXSourcesBuildPhase;
			buildActionMask = 2147483647;
			files = (
				1A6A50FE1444D99100BA41EB /* PROXOMOAppDelegate.m in Sources */,
				1A6A50FF1444D99300BA41EB /* PROXOMOAppDelegate_iPhone.m in Sources */,
				1A6A51001444D99600BA41EB /* PROXOMOAppDelegate_iPad.m in Sources */,
				1A6A51011444D99B00BA41EB /* PROXOMO_AppData.m in Sources */,
				1A6A51021444D99F00BA41EB /* PROXOMO_Events.m in Sources */,
				1A6A51031444D9A200BA41EB /* PROXOMO_Friends.m in Sources */,
				1A6A51041444D9A800BA41EB /* PROXOMO_GeoCode.m in Sources */,
				1A6A51051444D9AC00BA41EB /* PROXOMO_Locations.m in Sources */,
				1A6A51071444D9B400BA41EB /* PROXOMO_Persons.m in Sources */,
				1A6A51061444D9B100BA41EB /* PROXOMO_Notifications.m in Sources */,
				61B507191458CD2B0052E6F3 /* NSObject+SBJson.m in Sources */,
				61B5071D1458CD2B0052E6F3 /* SBJsonParser.m in Sources */,
				61B507201458CD2B0052E6F3 /* SBJsonStreamParser.m in Sources */,
				61B507231458CD2B0052E6F3 /* SBJsonStreamParserAccumulator.m in Sources */,
				61B507261458CD2B0052E6F3 /* SBJsonStreamParserAdapter.m in Sources */,
				61B507291458CD2B0052E6F3 /* SBJsonStreamParserState.m in Sources */,
				61B5072C1458CD2B0052E6F3 /* SBJsonStreamWriter.m in Sources */,
				61B5072F1458CD2B0052E6F3 /* SBJsonStreamWriterAccumulator.m in Sources */,
				61B507321458CD2B0052E6F3 /* SBJsonStreamWriterState.m in Sources */,
				61B507351458CD2B0052E6F3 /* SBJsonTokeniser.m in Sources */,
				61B507381458CD2B0052E6F3 /* SBJsonUTF8Stream.m in Sources */,
				61B5073B1458CD2B0052E6F3 /* SBJsonWriter.m in Sources */,
				61B507771458D6490052E6F3 /* PROXOMO_API.m in Sources */,
			);
			runOnlyForDeploymentPostprocessing = 0;
		};
		61B506C21458CBE00052E6F3 /* Sources */ = {
			isa = PBXSourcesBuildPhase;
			buildActionMask = 2147483647;
			files = (
				61B5078A1458E4000052E6F3 /* PROXOMOAppDelegate.m in Sources */,
				61B5078E1458E4000052E6F3 /* PROXOMO_AppData.m in Sources */,
				61B507901458E4000052E6F3 /* PROXOMO_Events.m in Sources */,
				61B507921458E4000052E6F3 /* PROXOMO_Friends.m in Sources */,
				61B507941458E4000052E6F3 /* PROXOMO_GeoCode.m in Sources */,
				61B507961458E4000052E6F3 /* PROXOMO_Locations.m in Sources */,
				61B507981458E4000052E6F3 /* PROXOMO_Notifications.m in Sources */,
				61B5079A1458E4000052E6F3 /* PROXOMO_Persons.m in Sources */,
				61B506D21458CBE00052E6F3 /* main.m in Sources */,
				61B506D61458CBE00052E6F3 /* AppDelegate.m in Sources */,
				61B506DF1458CBE00052E6F3 /* ViewController.m in Sources */,
				61B5071A1458CD2B0052E6F3 /* NSObject+SBJson.m in Sources */,
				61B5071E1458CD2B0052E6F3 /* SBJsonParser.m in Sources */,
				61B507211458CD2B0052E6F3 /* SBJsonStreamParser.m in Sources */,
				61B507241458CD2B0052E6F3 /* SBJsonStreamParserAccumulator.m in Sources */,
				61B507271458CD2B0052E6F3 /* SBJsonStreamParserAdapter.m in Sources */,
				61B5072A1458CD2B0052E6F3 /* SBJsonStreamParserState.m in Sources */,
				61B5072D1458CD2B0052E6F3 /* SBJsonStreamWriter.m in Sources */,
				61B507301458CD2B0052E6F3 /* SBJsonStreamWriterAccumulator.m in Sources */,
				61B507331458CD2B0052E6F3 /* SBJsonStreamWriterState.m in Sources */,
				61B507361458CD2B0052E6F3 /* SBJsonTokeniser.m in Sources */,
				61B507391458CD2B0052E6F3 /* SBJsonUTF8Stream.m in Sources */,
				61B5073C1458CD2B0052E6F3 /* SBJsonWriter.m in Sources */,
				61B507781458D6490052E6F3 /* PROXOMO_API.m in Sources */,
			);
			runOnlyForDeploymentPostprocessing = 0;
		};
		61B506E01458CBE00052E6F3 /* Sources */ = {
			isa = PBXSourcesBuildPhase;
			buildActionMask = 2147483647;
			files = (
				61B506F41458CBE00052E6F3 /* PROXOMO_DemoTests.m in Sources */,
			);
			runOnlyForDeploymentPostprocessing = 0;
		};
/* End PBXSourcesBuildPhase section */

/* Begin PBXTargetDependency section */
		61B506EB1458CBE00052E6F3 /* PBXTargetDependency */ = {
			isa = PBXTargetDependency;
			target = 61B506C51458CBE00052E6F3 /* PROXOMO_Demo */;
			targetProxy = 61B506EA1458CBE00052E6F3 /* PBXContainerItemProxy */;
		};
		61B507881458E3DE0052E6F3 /* PBXTargetDependency */ = {
			isa = PBXTargetDependency;
			target = 1A6A50E61444D94B00BA41EB /* PROXOMO */;
			targetProxy = 61B507871458E3DE0052E6F3 /* PBXContainerItemProxy */;
		};
/* End PBXTargetDependency section */

/* Begin PBXVariantGroup section */
		1A6A50871444C67100BA41EB /* InfoPlist.strings */ = {
			isa = PBXVariantGroup;
			children = (
				1A6A50881444C67100BA41EB /* en */,
			);
			name = InfoPlist.strings;
			sourceTree = "<group>";
		};
		1A6A50941444C67100BA41EB /* MainWindow_iPhone.xib */ = {
			isa = PBXVariantGroup;
			children = (
				1A6A50951444C67100BA41EB /* en */,
			);
			name = MainWindow_iPhone.xib;
			sourceTree = "<group>";
		};
		1A6A509B1444C67100BA41EB /* MainWindow_iPad.xib */ = {
			isa = PBXVariantGroup;
			children = (
				1A6A509C1444C67100BA41EB /* en */,
			);
			name = MainWindow_iPad.xib;
			sourceTree = "<group>";
		};
		1A6A50EC1444D95200BA41EB /* InfoPlist.strings */ = {
			isa = PBXVariantGroup;
			children = (
				1A6A50ED1444D95200BA41EB /* en */,
			);
			name = InfoPlist.strings;
			sourceTree = "<group>";
		};
		61B506CE1458CBE00052E6F3 /* InfoPlist.strings */ = {
			isa = PBXVariantGroup;
			children = (
				61B506CF1458CBE00052E6F3 /* en */,
			);
			name = InfoPlist.strings;
			sourceTree = "<group>";
		};
		61B506D71458CBE00052E6F3 /* MainStoryboard_iPhone.storyboard */ = {
			isa = PBXVariantGroup;
			children = (
				61B506D81458CBE00052E6F3 /* en */,
			);
			name = MainStoryboard_iPhone.storyboard;
			sourceTree = "<group>";
		};
		61B506DA1458CBE00052E6F3 /* MainStoryboard_iPad.storyboard */ = {
			isa = PBXVariantGroup;
			children = (
				61B506DB1458CBE00052E6F3 /* en */,
			);
			name = MainStoryboard_iPad.storyboard;
			sourceTree = "<group>";
		};
		61B506EF1458CBE00052E6F3 /* InfoPlist.strings */ = {
			isa = PBXVariantGroup;
			children = (
				61B506F01458CBE00052E6F3 /* en */,
			);
			name = InfoPlist.strings;
			sourceTree = "<group>";
		};
/* End PBXVariantGroup section */

/* Begin XCBuildConfiguration section */
		1A6A509E1444C67100BA41EB /* Debug */ = {
			isa = XCBuildConfiguration;
			buildSettings = {
				ARCHS = "$(ARCHS_STANDARD_32_BIT)";
				"CODE_SIGN_IDENTITY[sdk=iphoneos*]" = "iPhone Developer";
				GCC_C_LANGUAGE_STANDARD = gnu99;
				GCC_OPTIMIZATION_LEVEL = 0;
				GCC_PREPROCESSOR_DEFINITIONS = DEBUG;
				GCC_SYMBOLS_PRIVATE_EXTERN = NO;
				GCC_VERSION = com.apple.compilers.llvmgcc42;
				GCC_WARN_ABOUT_RETURN_TYPE = YES;
				GCC_WARN_UNUSED_VARIABLE = YES;
				IPHONEOS_DEPLOYMENT_TARGET = 4.3;
				SDKROOT = iphoneos;
				TARGETED_DEVICE_FAMILY = "1,2";
			};
			name = Debug;
		};
		1A6A509F1444C67100BA41EB /* Release */ = {
			isa = XCBuildConfiguration;
			buildSettings = {
				ARCHS = "$(ARCHS_STANDARD_32_BIT)";
				"CODE_SIGN_IDENTITY[sdk=iphoneos*]" = "iPhone Developer";
				GCC_C_LANGUAGE_STANDARD = gnu99;
				GCC_VERSION = com.apple.compilers.llvmgcc42;
				GCC_WARN_ABOUT_RETURN_TYPE = YES;
				GCC_WARN_UNUSED_VARIABLE = YES;
				IPHONEOS_DEPLOYMENT_TARGET = 4.3;
				OTHER_CFLAGS = "-DNS_BLOCK_ASSERTIONS=1";
				SDKROOT = iphoneos;
				TARGETED_DEVICE_FAMILY = "1,2";
			};
			name = Release;
		};
		1A6A50F11444D95200BA41EB /* Debug */ = {
			isa = XCBuildConfiguration;
			buildSettings = {
				ALWAYS_SEARCH_USER_PATHS = NO;
				ARCHS = "$(ARCHS_STANDARD_32_BIT)";
				COPY_PHASE_STRIP = NO;
				DEAD_CODE_STRIPPING = NO;
				GCC_DYNAMIC_NO_PIC = NO;
				GCC_ENABLE_OBJC_EXCEPTIONS = YES;
				GCC_GENERATE_DEBUGGING_SYMBOLS = NO;
				GCC_PRECOMPILE_PREFIX_HEADER = NO;
				GCC_PREFIX_HEADER = "";
				GCC_VERSION = com.apple.compilers.llvm.clang.1_0;
				GCC_WARN_64_TO_32_BIT_CONVERSION = YES;
				INFOPLIST_FILE = "";
				INSTALL_PATH = "$(BUILT_PRODUCTS_DIR)";
				LINK_WITH_STANDARD_LIBRARIES = NO;
				MACH_O_TYPE = mh_object;
				MACOSX_DEPLOYMENT_TARGET = "";
				ONLY_ACTIVE_ARCH = NO;
				OTHER_LDFLAGS = "-ObjC";
				PRODUCT_NAME = "$(TARGET_NAME)";
				SDKROOT = iphoneos;
				VALID_ARCHS = "$(ARCHS_STANDARD_32_BIT) ";
				WRAPPER_EXTENSION = framework;
			};
			name = Debug;
		};
		1A6A50F21444D95200BA41EB /* Release */ = {
			isa = XCBuildConfiguration;
			buildSettings = {
				ALWAYS_SEARCH_USER_PATHS = NO;
				ARCHS = "$(ARCHS_STANDARD_32_BIT)";
				COPY_PHASE_STRIP = YES;
				DEAD_CODE_STRIPPING = NO;
				DEBUG_INFORMATION_FORMAT = "dwarf-with-dsym";
				GCC_ENABLE_OBJC_EXCEPTIONS = YES;
				GCC_GENERATE_DEBUGGING_SYMBOLS = NO;
				GCC_PRECOMPILE_PREFIX_HEADER = NO;
				GCC_PREFIX_HEADER = "";
				GCC_VERSION = com.apple.compilers.llvm.clang.1_0;
				GCC_WARN_64_TO_32_BIT_CONVERSION = YES;
				INFOPLIST_FILE = "";
				INSTALL_PATH = "$(BUILT_PRODUCTS_DIR)";
				LINK_WITH_STANDARD_LIBRARIES = NO;
				MACH_O_TYPE = mh_object;
				MACOSX_DEPLOYMENT_TARGET = "";
				ONLY_ACTIVE_ARCH = NO;
				OTHER_LDFLAGS = "-ObjC";
				PRODUCT_NAME = "$(TARGET_NAME)";
				SDKROOT = iphoneos;
				VALID_ARCHS = "$(ARCHS_STANDARD_32_BIT) ";
				WRAPPER_EXTENSION = framework;
			};
			name = Release;
		};
		1ACDECEE1444DE2000D44FC1 /* Debug */ = {
			isa = XCBuildConfiguration;
			buildSettings = {
				GCC_VERSION = com.apple.compilers.llvm.clang.1_0;
				PRODUCT_NAME = "$(TARGET_NAME)";
			};
			name = Debug;
		};
		1ACDECEF1444DE2000D44FC1 /* Release */ = {
			isa = XCBuildConfiguration;
			buildSettings = {
				GCC_VERSION = com.apple.compilers.llvm.clang.1_0;
				PRODUCT_NAME = "$(TARGET_NAME)";
			};
			name = Release;
		};
		61B506F51458CBE00052E6F3 /* Debug */ = {
			isa = XCBuildConfiguration;
			buildSettings = {
				ALWAYS_SEARCH_USER_PATHS = NO;
				CLANG_ENABLE_OBJC_ARC = YES;
				"CODE_SIGN_IDENTITY[sdk=iphoneos*]" = "iPhone Developer";
				COPY_PHASE_STRIP = NO;
				GCC_DYNAMIC_NO_PIC = NO;
				GCC_PRECOMPILE_PREFIX_HEADER = YES;
				GCC_PREFIX_HEADER = "PROXOMO_Demo/PROXOMO_Demo-Prefix.pch";
				GCC_PREPROCESSOR_DEFINITIONS = (
					"DEBUG=1",
					"$(inherited)",
				);
				GCC_VERSION = com.apple.compilers.llvm.clang.1_0;
				GCC_WARN_ABOUT_MISSING_PROTOTYPES = YES;
				INFOPLIST_FILE = "PROXOMO_Demo/PROXOMO_Demo-Info.plist";
				IPHONEOS_DEPLOYMENT_TARGET = 5.0;
				PRODUCT_NAME = "$(TARGET_NAME)";
				WRAPPER_EXTENSION = app;
			};
			name = Debug;
		};
		61B506F61458CBE00052E6F3 /* Release */ = {
			isa = XCBuildConfiguration;
			buildSettings = {
				ALWAYS_SEARCH_USER_PATHS = NO;
				CLANG_ENABLE_OBJC_ARC = YES;
				"CODE_SIGN_IDENTITY[sdk=iphoneos*]" = "iPhone Developer";
				COPY_PHASE_STRIP = YES;
				GCC_PRECOMPILE_PREFIX_HEADER = YES;
				GCC_PREFIX_HEADER = "PROXOMO_Demo/PROXOMO_Demo-Prefix.pch";
				GCC_VERSION = com.apple.compilers.llvm.clang.1_0;
				GCC_WARN_ABOUT_MISSING_PROTOTYPES = YES;
				INFOPLIST_FILE = "PROXOMO_Demo/PROXOMO_Demo-Info.plist";
				IPHONEOS_DEPLOYMENT_TARGET = 5.0;
				PRODUCT_NAME = "$(TARGET_NAME)";
				VALIDATE_PRODUCT = YES;
				WRAPPER_EXTENSION = app;
			};
			name = Release;
		};
		61B506F71458CBE00052E6F3 /* Debug */ = {
			isa = XCBuildConfiguration;
			buildSettings = {
				ALWAYS_SEARCH_USER_PATHS = NO;
				BUNDLE_LOADER = "$(BUILT_PRODUCTS_DIR)/PROXOMO_Demo.app/PROXOMO_Demo";
				CLANG_ENABLE_OBJC_ARC = YES;
				COPY_PHASE_STRIP = NO;
				FRAMEWORK_SEARCH_PATHS = (
					"$(SDKROOT)/Developer/Library/Frameworks",
					"$(DEVELOPER_LIBRARY_DIR)/Frameworks",
				);
				GCC_DYNAMIC_NO_PIC = NO;
				GCC_PRECOMPILE_PREFIX_HEADER = YES;
				GCC_PREFIX_HEADER = "PROXOMO_Demo/PROXOMO_Demo-Prefix.pch";
				GCC_PREPROCESSOR_DEFINITIONS = (
					"DEBUG=1",
					"$(inherited)",
				);
				GCC_VERSION = com.apple.compilers.llvm.clang.1_0;
				GCC_WARN_ABOUT_MISSING_PROTOTYPES = YES;
				INFOPLIST_FILE = "PROXOMO_DemoTests/PROXOMO_DemoTests-Info.plist";
				IPHONEOS_DEPLOYMENT_TARGET = 5.0;
				PRODUCT_NAME = "$(TARGET_NAME)";
				TEST_HOST = "$(BUNDLE_LOADER)";
				WRAPPER_EXTENSION = octest;
			};
			name = Debug;
		};
		61B506F81458CBE00052E6F3 /* Release */ = {
			isa = XCBuildConfiguration;
			buildSettings = {
				ALWAYS_SEARCH_USER_PATHS = NO;
				BUNDLE_LOADER = "$(BUILT_PRODUCTS_DIR)/PROXOMO_Demo.app/PROXOMO_Demo";
				CLANG_ENABLE_OBJC_ARC = YES;
				COPY_PHASE_STRIP = YES;
				FRAMEWORK_SEARCH_PATHS = (
					"$(SDKROOT)/Developer/Library/Frameworks",
					"$(DEVELOPER_LIBRARY_DIR)/Frameworks",
				);
				GCC_PRECOMPILE_PREFIX_HEADER = YES;
				GCC_PREFIX_HEADER = "PROXOMO_Demo/PROXOMO_Demo-Prefix.pch";
				GCC_VERSION = com.apple.compilers.llvm.clang.1_0;
				GCC_WARN_ABOUT_MISSING_PROTOTYPES = YES;
				INFOPLIST_FILE = "PROXOMO_DemoTests/PROXOMO_DemoTests-Info.plist";
				IPHONEOS_DEPLOYMENT_TARGET = 5.0;
				PRODUCT_NAME = "$(TARGET_NAME)";
				TEST_HOST = "$(BUNDLE_LOADER)";
				VALIDATE_PRODUCT = YES;
				WRAPPER_EXTENSION = octest;
			};
			name = Release;
		};
/* End XCBuildConfiguration section */

/* Begin XCConfigurationList section */
		1A6A50741444C67000BA41EB /* Build configuration list for PBXProject "PROXOMO" */ = {
			isa = XCConfigurationList;
			buildConfigurations = (
				1A6A509E1444C67100BA41EB /* Debug */,
				1A6A509F1444C67100BA41EB /* Release */,
			);
			defaultConfigurationIsVisible = 0;
			defaultConfigurationName = Release;
		};
		1A6A50F01444D95200BA41EB /* Build configuration list for PBXNativeTarget "PROXOMO" */ = {
			isa = XCConfigurationList;
			buildConfigurations = (
				1A6A50F11444D95200BA41EB /* Debug */,
				1A6A50F21444D95200BA41EB /* Release */,
			);
			defaultConfigurationIsVisible = 0;
			defaultConfigurationName = Release;
		};
		1ACDECF01444DE2000D44FC1 /* Build configuration list for PBXAggregateTarget "Aggregate" */ = {
			isa = XCConfigurationList;
			buildConfigurations = (
				1ACDECEE1444DE2000D44FC1 /* Debug */,
				1ACDECEF1444DE2000D44FC1 /* Release */,
			);
			defaultConfigurationIsVisible = 0;
			defaultConfigurationName = Release;
		};
		61B506F91458CBE00052E6F3 /* Build configuration list for PBXNativeTarget "PROXOMO_Demo" */ = {
			isa = XCConfigurationList;
			buildConfigurations = (
				61B506F51458CBE00052E6F3 /* Debug */,
				61B506F61458CBE00052E6F3 /* Release */,
			);
			defaultConfigurationIsVisible = 0;
			defaultConfigurationName = Release;
		};
		61B506FA1458CBE00052E6F3 /* Build configuration list for PBXNativeTarget "PROXOMO_DemoTests" */ = {
			isa = XCConfigurationList;
			buildConfigurations = (
				61B506F71458CBE00052E6F3 /* Debug */,
				61B506F81458CBE00052E6F3 /* Release */,
			);
			defaultConfigurationIsVisible = 0;
			defaultConfigurationName = Release;
		};
/* End XCConfigurationList section */
	};
	rootObject = 1A6A50711444C67000BA41EB /* Project object */;
}
